// !$*UTF8*$!
{
	archiveVersion = 1;
	classes = {
	};
	objectVersion = 46;
	objects = {

/* Begin PBXBuildFile section */
		4236E4BF1A39F49200621B45 /* BaseNetworkEngine.m in Sources */ = {isa = PBXBuildFile; fileRef = 4236E4BA1A39F49200621B45 /* BaseNetworkEngine.m */; };
		4236E4C01A39F49200621B45 /* NetService.m in Sources */ = {isa = PBXBuildFile; fileRef = 4236E4BC1A39F49200621B45 /* NetService.m */; };
		4236E5071A39F71200621B45 /* action-black-button-selected.png in Resources */ = {isa = PBXBuildFile; fileRef = 4236E4C51A39F71200621B45 /* action-black-button-selected.png */; };
		4236E5081A39F71200621B45 /* action-black-button-selected@2x.png in Resources */ = {isa = PBXBuildFile; fileRef = 4236E4C61A39F71200621B45 /* action-black-button-selected@2x.png */; };
		4236E5091A39F71200621B45 /* action-black-button.png in Resources */ = {isa = PBXBuildFile; fileRef = 4236E4C71A39F71200621B45 /* action-black-button.png */; };
		4236E50A1A39F71200621B45 /* action-black-button@2x.png in Resources */ = {isa = PBXBuildFile; fileRef = 4236E4C81A39F71200621B45 /* action-black-button@2x.png */; };
		4236E50B1A39F71200621B45 /* action-gray-button-selected.png in Resources */ = {isa = PBXBuildFile; fileRef = 4236E4C91A39F71200621B45 /* action-gray-button-selected.png */; };
		4236E50C1A39F71200621B45 /* action-gray-button-selected@2x.png in Resources */ = {isa = PBXBuildFile; fileRef = 4236E4CA1A39F71200621B45 /* action-gray-button-selected@2x.png */; };
		4236E50D1A39F71200621B45 /* action-gray-button.png in Resources */ = {isa = PBXBuildFile; fileRef = 4236E4CB1A39F71200621B45 /* action-gray-button.png */; };
		4236E50E1A39F71200621B45 /* action-gray-button@2x.png in Resources */ = {isa = PBXBuildFile; fileRef = 4236E4CC1A39F71200621B45 /* action-gray-button@2x.png */; };
		4236E50F1A39F71200621B45 /* action-red-button-selected.png in Resources */ = {isa = PBXBuildFile; fileRef = 4236E4CD1A39F71200621B45 /* action-red-button-selected.png */; };
		4236E5101A39F71200621B45 /* action-red-button-selected@2x.png in Resources */ = {isa = PBXBuildFile; fileRef = 4236E4CE1A39F71200621B45 /* action-red-button-selected@2x.png */; };
		4236E5111A39F71200621B45 /* action-red-button.png in Resources */ = {isa = PBXBuildFile; fileRef = 4236E4CF1A39F71200621B45 /* action-red-button.png */; };
		4236E5121A39F71200621B45 /* action-red-button@2x.png in Resources */ = {isa = PBXBuildFile; fileRef = 4236E4D01A39F71200621B45 /* action-red-button@2x.png */; };
		4236E5131A39F71200621B45 /* action-sheet-panel.png in Resources */ = {isa = PBXBuildFile; fileRef = 4236E4D11A39F71200621B45 /* action-sheet-panel.png */; };
		4236E5141A39F71200621B45 /* action-sheet-panel@2x.png in Resources */ = {isa = PBXBuildFile; fileRef = 4236E4D21A39F71200621B45 /* action-sheet-panel@2x.png */; };
		4236E5151A39F71200621B45 /* alert-black-button.png in Resources */ = {isa = PBXBuildFile; fileRef = 4236E4D41A39F71200621B45 /* alert-black-button.png */; };
		4236E5161A39F71200621B45 /* alert-black-button@2x.png in Resources */ = {isa = PBXBuildFile; fileRef = 4236E4D51A39F71200621B45 /* alert-black-button@2x.png */; };
		4236E5171A39F71200621B45 /* alert-gray-button.png in Resources */ = {isa = PBXBuildFile; fileRef = 4236E4D61A39F71200621B45 /* alert-gray-button.png */; };
		4236E5181A39F71200621B45 /* alert-gray-button@2x.png in Resources */ = {isa = PBXBuildFile; fileRef = 4236E4D71A39F71200621B45 /* alert-gray-button@2x.png */; };
		4236E5191A39F71200621B45 /* alert-red-button.png in Resources */ = {isa = PBXBuildFile; fileRef = 4236E4D81A39F71200621B45 /* alert-red-button.png */; };
		4236E51A1A39F71200621B45 /* alert-red-button@2x.png in Resources */ = {isa = PBXBuildFile; fileRef = 4236E4D91A39F71200621B45 /* alert-red-button@2x.png */; };
		4236E51B1A39F71200621B45 /* alert-window-landscape.png in Resources */ = {isa = PBXBuildFile; fileRef = 4236E4DA1A39F71200621B45 /* alert-window-landscape.png */; };
		4236E51C1A39F71200621B45 /* alert-window-landscape@2x.png in Resources */ = {isa = PBXBuildFile; fileRef = 4236E4DB1A39F71200621B45 /* alert-window-landscape@2x.png */; };
		4236E51D1A39F71200621B45 /* alert-window.png in Resources */ = {isa = PBXBuildFile; fileRef = 4236E4DC1A39F71200621B45 /* alert-window.png */; };
		4236E51E1A39F71200621B45 /* alert-window@2x.png in Resources */ = {isa = PBXBuildFile; fileRef = 4236E4DD1A39F71200621B45 /* alert-window@2x.png */; };
		4236E51F1A39F71200621B45 /* alert_window_jingwei@2x.png in Resources */ = {isa = PBXBuildFile; fileRef = 4236E4DE1A39F71200621B45 /* alert_window_jingwei@2x.png */; };
		4236E5201A39F71200621B45 /* alertViewClose@2x.png in Resources */ = {isa = PBXBuildFile; fileRef = 4236E4DF1A39F71200621B45 /* alertViewClose@2x.png */; };
		4236E5211A39F71200621B45 /* BlockAlertView.m in Sources */ = {isa = PBXBuildFile; fileRef = 4236E4E41A39F71200621B45 /* BlockAlertView.m */; };
		4236E5221A39F71200621B45 /* BlockBackground.m in Sources */ = {isa = PBXBuildFile; fileRef = 4236E4E61A39F71200621B45 /* BlockBackground.m */; };
		4236E5231A39F71200621B45 /* MBProgressHUD+Add.m in Sources */ = {isa = PBXBuildFile; fileRef = 4236E4E91A39F71200621B45 /* MBProgressHUD+Add.m */; };
		4236E5241A39F71200621B45 /* MBProgressHUD.m in Sources */ = {isa = PBXBuildFile; fileRef = 4236E4EB1A39F71200621B45 /* MBProgressHUD.m */; };
		4236E5251A39F71200621B45 /* NSAlert+MKNetworkKitAdditions.m in Sources */ = {isa = PBXBuildFile; fileRef = 4236E4EF1A39F71200621B45 /* NSAlert+MKNetworkKitAdditions.m */; };
		4236E5261A39F71200621B45 /* NSData+MKBase64.m in Sources */ = {isa = PBXBuildFile; fileRef = 4236E4F11A39F71200621B45 /* NSData+MKBase64.m */; };
		4236E5271A39F71200621B45 /* NSDate+RFC1123.m in Sources */ = {isa = PBXBuildFile; fileRef = 4236E4F31A39F71200621B45 /* NSDate+RFC1123.m */; };
		4236E5281A39F71200621B45 /* NSDictionary+RequestEncoding.m in Sources */ = {isa = PBXBuildFile; fileRef = 4236E4F51A39F71200621B45 /* NSDictionary+RequestEncoding.m */; };
		4236E5291A39F71200621B45 /* NSString+MKNetworkKitAdditions.m in Sources */ = {isa = PBXBuildFile; fileRef = 4236E4F71A39F71200621B45 /* NSString+MKNetworkKitAdditions.m */; };
		4236E52A1A39F71200621B45 /* UIAlertView+MKNetworkKitAdditions.m in Sources */ = {isa = PBXBuildFile; fileRef = 4236E4F91A39F71200621B45 /* UIAlertView+MKNetworkKitAdditions.m */; };
		4236E52B1A39F71200621B45 /* UIImageView+MKNetworkKitAdditions.m in Sources */ = {isa = PBXBuildFile; fileRef = 4236E4FB1A39F71200621B45 /* UIImageView+MKNetworkKitAdditions.m */; };
		4236E52C1A39F71200621B45 /* MKNetworkEngine.m in Sources */ = {isa = PBXBuildFile; fileRef = 4236E4FD1A39F71200621B45 /* MKNetworkEngine.m */; };
		4236E52D1A39F71200621B45 /* MKNetworkOperation.m in Sources */ = {isa = PBXBuildFile; fileRef = 4236E5001A39F71200621B45 /* MKNetworkOperation.m */; };
		4236E52E1A39F71200621B45 /* MKReachability.m in Sources */ = {isa = PBXBuildFile; fileRef = 4236E5031A39F71200621B45 /* MKReachability.m */; };
		4236E52F1A39F71200621B45 /* Toast+UIView.m in Sources */ = {isa = PBXBuildFile; fileRef = 4236E5061A39F71200621B45 /* Toast+UIView.m */; };
		4236E5381A39F89F00621B45 /* UIKit.framework in Frameworks */ = {isa = PBXBuildFile; fileRef = 4236E5371A39F89F00621B45 /* UIKit.framework */; };
		4236E5391A39F8B100621B45 /* SystemConfiguration.framework in Frameworks */ = {isa = PBXBuildFile; fileRef = 4236E5341A39F85800621B45 /* SystemConfiguration.framework */; };
		4236E53A1A39F8B800621B45 /* CFNetwork.framework in Frameworks */ = {isa = PBXBuildFile; fileRef = 4236E5301A39F83B00621B45 /* CFNetwork.framework */; };
		4236E53B1A39F8C000621B45 /* Security.framework in Frameworks */ = {isa = PBXBuildFile; fileRef = 4236E5321A39F84400621B45 /* Security.framework */; };
		4236E53D1A39F8D500621B45 /* CoreGraphics.framework in Frameworks */ = {isa = PBXBuildFile; fileRef = 4236E53C1A39F8D500621B45 /* CoreGraphics.framework */; };
		4236E53F1A39F8E000621B45 /* Foundation.framework in Frameworks */ = {isa = PBXBuildFile; fileRef = 4236E53E1A39F8E000621B45 /* Foundation.framework */; };
		4236E5411A39F8EC00621B45 /* CoreFoundation.framework in Frameworks */ = {isa = PBXBuildFile; fileRef = 4236E5401A39F8EC00621B45 /* CoreFoundation.framework */; };
		4236E5451A39FA3300621B45 /* UIViewAdditions.m in Sources */ = {isa = PBXBuildFile; fileRef = 4236E5441A39FA3300621B45 /* UIViewAdditions.m */; };
		4236E5491A39FD5700621B45 /* YQMessageHelper.m in Sources */ = {isa = PBXBuildFile; fileRef = 4236E5481A39FD5700621B45 /* YQMessageHelper.m */; };
		4236E54C1A39FD7A00621B45 /* YQGlobalHelper.m in Sources */ = {isa = PBXBuildFile; fileRef = 4236E54B1A39FD7A00621B45 /* YQGlobalHelper.m */; };
		427D06E91A8A77880071CE4A /* HairStyleDao.m in Sources */ = {isa = PBXBuildFile; fileRef = 427D06E81A8A77880071CE4A /* HairStyleDao.m */; };
		427D06EC1A8A803F0071CE4A /* BaseTableViewCell.m in Sources */ = {isa = PBXBuildFile; fileRef = 427D06EB1A8A803F0071CE4A /* BaseTableViewCell.m */; };
		429EEDD81A45D79100E1E631 /* MJRefresh.bundle in Resources */ = {isa = PBXBuildFile; fileRef = 429EEDCE1A45D79100E1E631 /* MJRefresh.bundle */; };
		429EEDD91A45D79100E1E631 /* MJRefreshBaseView.m in Sources */ = {isa = PBXBuildFile; fileRef = 429EEDD11A45D79100E1E631 /* MJRefreshBaseView.m */; };
		429EEDDA1A45D79100E1E631 /* MJRefreshConst.m in Sources */ = {isa = PBXBuildFile; fileRef = 429EEDD31A45D79100E1E631 /* MJRefreshConst.m */; };
		429EEDDB1A45D79100E1E631 /* MJRefreshFooterView.m in Sources */ = {isa = PBXBuildFile; fileRef = 429EEDD51A45D79100E1E631 /* MJRefreshFooterView.m */; };
		429EEDDC1A45D79100E1E631 /* MJRefreshHeaderView.m in Sources */ = {isa = PBXBuildFile; fileRef = 429EEDD71A45D79100E1E631 /* MJRefreshHeaderView.m */; };
		42B063751A7528D1002E5F41 /* HairService.m in Sources */ = {isa = PBXBuildFile; fileRef = 42B063741A7528D1002E5F41 /* HairService.m */; };
		42B063781A752A1D002E5F41 /* T8KeychainHelper.m in Sources */ = {isa = PBXBuildFile; fileRef = 42B063771A752A1D002E5F41 /* T8KeychainHelper.m */; settings = {COMPILER_FLAGS = "-fno-objc-arc"; }; };
		42B0637B1A75394A002E5F41 /* T8SandboxHelper.m in Sources */ = {isa = PBXBuildFile; fileRef = 42B0637A1A75394A002E5F41 /* T8SandboxHelper.m */; };
		42B0638B1A754278002E5F41 /* bitstream.c in Sources */ = {isa = PBXBuildFile; fileRef = 42B0637D1A754278002E5F41 /* bitstream.c */; };
		42B0638C1A754278002E5F41 /* mask.c in Sources */ = {isa = PBXBuildFile; fileRef = 42B0637F1A754278002E5F41 /* mask.c */; };
		42B0638D1A754278002E5F41 /* qrencode.c in Sources */ = {isa = PBXBuildFile; fileRef = 42B063811A754278002E5F41 /* qrencode.c */; };
		42B0638E1A754278002E5F41 /* qrinput.c in Sources */ = {isa = PBXBuildFile; fileRef = 42B063831A754278002E5F41 /* qrinput.c */; };
		42B0638F1A754278002E5F41 /* qrspec.c in Sources */ = {isa = PBXBuildFile; fileRef = 42B063851A754278002E5F41 /* qrspec.c */; };
		42B063901A754278002E5F41 /* rscode.c in Sources */ = {isa = PBXBuildFile; fileRef = 42B063871A754278002E5F41 /* rscode.c */; };
		42B063911A754278002E5F41 /* split.c in Sources */ = {isa = PBXBuildFile; fileRef = 42B063891A754278002E5F41 /* split.c */; };
		42B063941A75428C002E5F41 /* QRCodeGenerator.m in Sources */ = {isa = PBXBuildFile; fileRef = 42B063931A75428C002E5F41 /* QRCodeGenerator.m */; };
		42EEC6A31A7E95BA00FE06D4 /* XBPickerViewController.m in Sources */ = {isa = PBXBuildFile; fileRef = 42EEC6A11A7E95BA00FE06D4 /* XBPickerViewController.m */; };
		42EEC6A41A7E95BA00FE06D4 /* XBPickerViewController.xib in Resources */ = {isa = PBXBuildFile; fileRef = 42EEC6A21A7E95BA00FE06D4 /* XBPickerViewController.xib */; };
		42EEC6A81A7EA26200FE06D4 /* HairStyleModel.m in Sources */ = {isa = PBXBuildFile; fileRef = 42EEC6A71A7EA26200FE06D4 /* HairStyleModel.m */; };
		42EEC6CA1A7EA3E500FE06D4 /* NSData-SQLitePersistence.m in Sources */ = {isa = PBXBuildFile; fileRef = 42EEC6AB1A7EA3E500FE06D4 /* NSData-SQLitePersistence.m */; settings = {COMPILER_FLAGS = "-fno-objc-arc"; }; };
		42EEC6CB1A7EA3E500FE06D4 /* NSDate-SQLitePersistence.m in Sources */ = {isa = PBXBuildFile; fileRef = 42EEC6AD1A7EA3E500FE06D4 /* NSDate-SQLitePersistence.m */; settings = {COMPILER_FLAGS = "-fno-objc-arc"; }; };
		42EEC6CC1A7EA3E500FE06D4 /* NSMutableArray-MultipleSort.m in Sources */ = {isa = PBXBuildFile; fileRef = 42EEC6AF1A7EA3E500FE06D4 /* NSMutableArray-MultipleSort.m */; settings = {COMPILER_FLAGS = "-fno-objc-arc"; }; };
		42EEC6CD1A7EA3E500FE06D4 /* NSMutableData-SQLitePersistence.m in Sources */ = {isa = PBXBuildFile; fileRef = 42EEC6B11A7EA3E500FE06D4 /* NSMutableData-SQLitePersistence.m */; settings = {COMPILER_FLAGS = "-fno-objc-arc"; }; };
		42EEC6CE1A7EA3E500FE06D4 /* NSNumber-SQLitePersistence.m in Sources */ = {isa = PBXBuildFile; fileRef = 42EEC6B31A7EA3E500FE06D4 /* NSNumber-SQLitePersistence.m */; settings = {COMPILER_FLAGS = "-fno-objc-arc"; }; };
		42EEC6CF1A7EA3E500FE06D4 /* NSObject-ClassName.m in Sources */ = {isa = PBXBuildFile; fileRef = 42EEC6B51A7EA3E500FE06D4 /* NSObject-ClassName.m */; settings = {COMPILER_FLAGS = "-fno-objc-arc"; }; };
		42EEC6D01A7EA3E500FE06D4 /* NSObject-MissingKV.m in Sources */ = {isa = PBXBuildFile; fileRef = 42EEC6B71A7EA3E500FE06D4 /* NSObject-MissingKV.m */; };
		42EEC6D11A7EA3E500FE06D4 /* NSObject-SQLitePersistence.m in Sources */ = {isa = PBXBuildFile; fileRef = 42EEC6B91A7EA3E500FE06D4 /* NSObject-SQLitePersistence.m */; settings = {COMPILER_FLAGS = "-fno-objc-arc"; }; };
		42EEC6D21A7EA3E500FE06D4 /* NSString-NumberStuff.m in Sources */ = {isa = PBXBuildFile; fileRef = 42EEC6BB1A7EA3E500FE06D4 /* NSString-NumberStuff.m */; settings = {COMPILER_FLAGS = "-fno-objc-arc"; }; };
		42EEC6D31A7EA3E500FE06D4 /* NSString-SQLiteColumnName.m in Sources */ = {isa = PBXBuildFile; fileRef = 42EEC6BD1A7EA3E500FE06D4 /* NSString-SQLiteColumnName.m */; settings = {COMPILER_FLAGS = "-fno-objc-arc"; }; };
		42EEC6D41A7EA3E500FE06D4 /* NSString-SQLitePersistence.m in Sources */ = {isa = PBXBuildFile; fileRef = 42EEC6BF1A7EA3E500FE06D4 /* NSString-SQLitePersistence.m */; settings = {COMPILER_FLAGS = "-fno-objc-arc"; }; };
		42EEC6D51A7EA3E500FE06D4 /* NSString-UppercaseFirst.m in Sources */ = {isa = PBXBuildFile; fileRef = 42EEC6C11A7EA3E500FE06D4 /* NSString-UppercaseFirst.m */; settings = {COMPILER_FLAGS = "-fno-objc-arc"; }; };
		42EEC6D61A7EA3E500FE06D4 /* SQLiteInstanceManager.m in Sources */ = {isa = PBXBuildFile; fileRef = 42EEC6C31A7EA3E500FE06D4 /* SQLiteInstanceManager.m */; settings = {COMPILER_FLAGS = "-fno-objc-arc"; }; };
		42EEC6D71A7EA3E500FE06D4 /* SQLitePersistentObject.m in Sources */ = {isa = PBXBuildFile; fileRef = 42EEC6C51A7EA3E500FE06D4 /* SQLitePersistentObject.m */; settings = {COMPILER_FLAGS = "-fno-objc-arc"; }; };
		42EEC6D81A7EA3E500FE06D4 /* UIColor-SQLitePersistentObject.m in Sources */ = {isa = PBXBuildFile; fileRef = 42EEC6C71A7EA3E500FE06D4 /* UIColor-SQLitePersistentObject.m */; settings = {COMPILER_FLAGS = "-fno-objc-arc"; }; };
		42EEC6D91A7EA3E500FE06D4 /* UIImage-SQLitePersistence.m in Sources */ = {isa = PBXBuildFile; fileRef = 42EEC6C91A7EA3E500FE06D4 /* UIImage-SQLitePersistence.m */; settings = {COMPILER_FLAGS = "-fno-objc-arc"; }; };
		42EEC6DC1A7EA44200FE06D4 /* NSDictionary+Ext.m in Sources */ = {isa = PBXBuildFile; fileRef = 42EEC6DB1A7EA44200FE06D4 /* NSDictionary+Ext.m */; };
		42EEC6DE1A7EA71900FE06D4 /* libsqlite3.0.dylib in Frameworks */ = {isa = PBXBuildFile; fileRef = 42EEC6DD1A7EA71900FE06D4 /* libsqlite3.0.dylib */; };
		6D7A0CE21A34B4C400B7E6D1 /* main.m in Sources */ = {isa = PBXBuildFile; fileRef = 6D7A0CE11A34B4C400B7E6D1 /* main.m */; };
		6D7A0CE51A34B4C400B7E6D1 /* AppDelegate.m in Sources */ = {isa = PBXBuildFile; fileRef = 6D7A0CE41A34B4C400B7E6D1 /* AppDelegate.m */; };
		6D7A0CE81A34B4C400B7E6D1 /* ViewController.m in Sources */ = {isa = PBXBuildFile; fileRef = 6D7A0CE71A34B4C400B7E6D1 /* ViewController.m */; };
		6D7A0CEB1A34B4C400B7E6D1 /* Main.storyboard in Resources */ = {isa = PBXBuildFile; fileRef = 6D7A0CE91A34B4C400B7E6D1 /* Main.storyboard */; };
		6D7A0CED1A34B4C400B7E6D1 /* Images.xcassets in Resources */ = {isa = PBXBuildFile; fileRef = 6D7A0CEC1A34B4C400B7E6D1 /* Images.xcassets */; };
		6D7A0CF01A34B4C400B7E6D1 /* LaunchScreen.xib in Resources */ = {isa = PBXBuildFile; fileRef = 6D7A0CEE1A34B4C400B7E6D1 /* LaunchScreen.xib */; };
		6D7A0CFC1A34B4C400B7E6D1 /* HairTests.m in Sources */ = {isa = PBXBuildFile; fileRef = 6D7A0CFB1A34B4C400B7E6D1 /* HairTests.m */; };
		6D7A0D0E1A34B62600B7E6D1 /* HairDetailViewController.m in Sources */ = {isa = PBXBuildFile; fileRef = 6D7A0D0D1A34B62600B7E6D1 /* HairDetailViewController.m */; };
		6DBC97211A47B1FE00AA46B8 /* HairDisplayView.m in Sources */ = {isa = PBXBuildFile; fileRef = 6DBC97201A47B1FE00AA46B8 /* HairDisplayView.m */; };
		6DBC97331A49DE0700AA46B8 /* ExperienceVC.m in Sources */ = {isa = PBXBuildFile; fileRef = 6DBC97321A49DE0700AA46B8 /* ExperienceVC.m */; };
		6DE30DD81A457866005FC6EE /* PhotoViewCell.m in Sources */ = {isa = PBXBuildFile; fileRef = 6DE30DD71A457866005FC6EE /* PhotoViewCell.m */; };
/* End PBXBuildFile section */

/* Begin PBXContainerItemProxy section */
		6D7A0CF61A34B4C400B7E6D1 /* PBXContainerItemProxy */ = {
			isa = PBXContainerItemProxy;
			containerPortal = 6D7A0CD41A34B4C400B7E6D1 /* Project object */;
			proxyType = 1;
			remoteGlobalIDString = 6D7A0CDB1A34B4C400B7E6D1;
			remoteInfo = Hair;
		};
/* End PBXContainerItemProxy section */

/* Begin PBXFileReference section */
		4236E4B91A39F49200621B45 /* BaseNetworkEngine.h */ = {isa = PBXFileReference; fileEncoding = 4; lastKnownFileType = sourcecode.c.h; path = BaseNetworkEngine.h; sourceTree = "<group>"; };
		4236E4BA1A39F49200621B45 /* BaseNetworkEngine.m */ = {isa = PBXFileReference; fileEncoding = 4; lastKnownFileType = sourcecode.c.objc; path = BaseNetworkEngine.m; sourceTree = "<group>"; };
		4236E4BB1A39F49200621B45 /* NetService.h */ = {isa = PBXFileReference; fileEncoding = 4; lastKnownFileType = sourcecode.c.h; path = NetService.h; sourceTree = "<group>"; };
		4236E4BC1A39F49200621B45 /* NetService.m */ = {isa = PBXFileReference; fileEncoding = 4; lastKnownFileType = sourcecode.c.objc; path = NetService.m; sourceTree = "<group>"; };
		4236E4C11A39F5DF00621B45 /* Hair-Prefix.pch */ = {isa = PBXFileReference; fileEncoding = 4; lastKnownFileType = sourcecode.c.h; path = "Hair-Prefix.pch"; sourceTree = "<group>"; };
		4236E4C51A39F71200621B45 /* action-black-button-selected.png */ = {isa = PBXFileReference; lastKnownFileType = image.png; path = "action-black-button-selected.png"; sourceTree = "<group>"; };
		4236E4C61A39F71200621B45 /* action-black-button-selected@2x.png */ = {isa = PBXFileReference; lastKnownFileType = image.png; path = "action-black-button-selected@2x.png"; sourceTree = "<group>"; };
		4236E4C71A39F71200621B45 /* action-black-button.png */ = {isa = PBXFileReference; lastKnownFileType = image.png; path = "action-black-button.png"; sourceTree = "<group>"; };
		4236E4C81A39F71200621B45 /* action-black-button@2x.png */ = {isa = PBXFileReference; lastKnownFileType = image.png; path = "action-black-button@2x.png"; sourceTree = "<group>"; };
		4236E4C91A39F71200621B45 /* action-gray-button-selected.png */ = {isa = PBXFileReference; lastKnownFileType = image.png; path = "action-gray-button-selected.png"; sourceTree = "<group>"; };
		4236E4CA1A39F71200621B45 /* action-gray-button-selected@2x.png */ = {isa = PBXFileReference; lastKnownFileType = image.png; path = "action-gray-button-selected@2x.png"; sourceTree = "<group>"; };
		4236E4CB1A39F71200621B45 /* action-gray-button.png */ = {isa = PBXFileReference; lastKnownFileType = image.png; path = "action-gray-button.png"; sourceTree = "<group>"; };
		4236E4CC1A39F71200621B45 /* action-gray-button@2x.png */ = {isa = PBXFileReference; lastKnownFileType = image.png; path = "action-gray-button@2x.png"; sourceTree = "<group>"; };
		4236E4CD1A39F71200621B45 /* action-red-button-selected.png */ = {isa = PBXFileReference; lastKnownFileType = image.png; path = "action-red-button-selected.png"; sourceTree = "<group>"; };
		4236E4CE1A39F71200621B45 /* action-red-button-selected@2x.png */ = {isa = PBXFileReference; lastKnownFileType = image.png; path = "action-red-button-selected@2x.png"; sourceTree = "<group>"; };
		4236E4CF1A39F71200621B45 /* action-red-button.png */ = {isa = PBXFileReference; lastKnownFileType = image.png; path = "action-red-button.png"; sourceTree = "<group>"; };
		4236E4D01A39F71200621B45 /* action-red-button@2x.png */ = {isa = PBXFileReference; lastKnownFileType = image.png; path = "action-red-button@2x.png"; sourceTree = "<group>"; };
		4236E4D11A39F71200621B45 /* action-sheet-panel.png */ = {isa = PBXFileReference; lastKnownFileType = image.png; path = "action-sheet-panel.png"; sourceTree = "<group>"; };
		4236E4D21A39F71200621B45 /* action-sheet-panel@2x.png */ = {isa = PBXFileReference; lastKnownFileType = image.png; path = "action-sheet-panel@2x.png"; sourceTree = "<group>"; };
		4236E4D41A39F71200621B45 /* alert-black-button.png */ = {isa = PBXFileReference; lastKnownFileType = image.png; path = "alert-black-button.png"; sourceTree = "<group>"; };
		4236E4D51A39F71200621B45 /* alert-black-button@2x.png */ = {isa = PBXFileReference; lastKnownFileType = image.png; path = "alert-black-button@2x.png"; sourceTree = "<group>"; };
		4236E4D61A39F71200621B45 /* alert-gray-button.png */ = {isa = PBXFileReference; lastKnownFileType = image.png; path = "alert-gray-button.png"; sourceTree = "<group>"; };
		4236E4D71A39F71200621B45 /* alert-gray-button@2x.png */ = {isa = PBXFileReference; lastKnownFileType = image.png; path = "alert-gray-button@2x.png"; sourceTree = "<group>"; };
		4236E4D81A39F71200621B45 /* alert-red-button.png */ = {isa = PBXFileReference; lastKnownFileType = image.png; path = "alert-red-button.png"; sourceTree = "<group>"; };
		4236E4D91A39F71200621B45 /* alert-red-button@2x.png */ = {isa = PBXFileReference; lastKnownFileType = image.png; path = "alert-red-button@2x.png"; sourceTree = "<group>"; };
		4236E4DA1A39F71200621B45 /* alert-window-landscape.png */ = {isa = PBXFileReference; lastKnownFileType = image.png; path = "alert-window-landscape.png"; sourceTree = "<group>"; };
		4236E4DB1A39F71200621B45 /* alert-window-landscape@2x.png */ = {isa = PBXFileReference; lastKnownFileType = image.png; path = "alert-window-landscape@2x.png"; sourceTree = "<group>"; };
		4236E4DC1A39F71200621B45 /* alert-window.png */ = {isa = PBXFileReference; lastKnownFileType = image.png; path = "alert-window.png"; sourceTree = "<group>"; };
		4236E4DD1A39F71200621B45 /* alert-window@2x.png */ = {isa = PBXFileReference; lastKnownFileType = image.png; path = "alert-window@2x.png"; sourceTree = "<group>"; };
		4236E4DE1A39F71200621B45 /* alert_window_jingwei@2x.png */ = {isa = PBXFileReference; lastKnownFileType = image.png; path = "alert_window_jingwei@2x.png"; sourceTree = "<group>"; };
		4236E4DF1A39F71200621B45 /* alertViewClose@2x.png */ = {isa = PBXFileReference; lastKnownFileType = image.png; path = "alertViewClose@2x.png"; sourceTree = "<group>"; };
		4236E4E11A39F71200621B45 /* BlockUI.h */ = {isa = PBXFileReference; fileEncoding = 4; lastKnownFileType = sourcecode.c.h; path = BlockUI.h; sourceTree = "<group>"; };
		4236E4E31A39F71200621B45 /* BlockAlertView.h */ = {isa = PBXFileReference; fileEncoding = 4; lastKnownFileType = sourcecode.c.h; path = BlockAlertView.h; sourceTree = "<group>"; };
		4236E4E41A39F71200621B45 /* BlockAlertView.m */ = {isa = PBXFileReference; fileEncoding = 4; lastKnownFileType = sourcecode.c.objc; path = BlockAlertView.m; sourceTree = "<group>"; };
		4236E4E51A39F71200621B45 /* BlockBackground.h */ = {isa = PBXFileReference; fileEncoding = 4; lastKnownFileType = sourcecode.c.h; path = BlockBackground.h; sourceTree = "<group>"; };
		4236E4E61A39F71200621B45 /* BlockBackground.m */ = {isa = PBXFileReference; fileEncoding = 4; lastKnownFileType = sourcecode.c.objc; path = BlockBackground.m; sourceTree = "<group>"; };
		4236E4E81A39F71200621B45 /* MBProgressHUD+Add.h */ = {isa = PBXFileReference; fileEncoding = 4; lastKnownFileType = sourcecode.c.h; path = "MBProgressHUD+Add.h"; sourceTree = "<group>"; };
		4236E4E91A39F71200621B45 /* MBProgressHUD+Add.m */ = {isa = PBXFileReference; fileEncoding = 4; lastKnownFileType = sourcecode.c.objc; path = "MBProgressHUD+Add.m"; sourceTree = "<group>"; };
		4236E4EA1A39F71200621B45 /* MBProgressHUD.h */ = {isa = PBXFileReference; fileEncoding = 4; lastKnownFileType = sourcecode.c.h; path = MBProgressHUD.h; sourceTree = "<group>"; };
		4236E4EB1A39F71200621B45 /* MBProgressHUD.m */ = {isa = PBXFileReference; fileEncoding = 4; lastKnownFileType = sourcecode.c.objc; path = MBProgressHUD.m; sourceTree = "<group>"; };
		4236E4EE1A39F71200621B45 /* NSAlert+MKNetworkKitAdditions.h */ = {isa = PBXFileReference; fileEncoding = 4; lastKnownFileType = sourcecode.c.h; path = "NSAlert+MKNetworkKitAdditions.h"; sourceTree = "<group>"; };
		4236E4EF1A39F71200621B45 /* NSAlert+MKNetworkKitAdditions.m */ = {isa = PBXFileReference; fileEncoding = 4; lastKnownFileType = sourcecode.c.objc; path = "NSAlert+MKNetworkKitAdditions.m"; sourceTree = "<group>"; };
		4236E4F01A39F71200621B45 /* NSData+MKBase64.h */ = {isa = PBXFileReference; fileEncoding = 4; lastKnownFileType = sourcecode.c.h; path = "NSData+MKBase64.h"; sourceTree = "<group>"; };
		4236E4F11A39F71200621B45 /* NSData+MKBase64.m */ = {isa = PBXFileReference; fileEncoding = 4; lastKnownFileType = sourcecode.c.objc; path = "NSData+MKBase64.m"; sourceTree = "<group>"; };
		4236E4F21A39F71200621B45 /* NSDate+RFC1123.h */ = {isa = PBXFileReference; fileEncoding = 4; lastKnownFileType = sourcecode.c.h; path = "NSDate+RFC1123.h"; sourceTree = "<group>"; };
		4236E4F31A39F71200621B45 /* NSDate+RFC1123.m */ = {isa = PBXFileReference; fileEncoding = 4; lastKnownFileType = sourcecode.c.objc; path = "NSDate+RFC1123.m"; sourceTree = "<group>"; };
		4236E4F41A39F71200621B45 /* NSDictionary+RequestEncoding.h */ = {isa = PBXFileReference; fileEncoding = 4; lastKnownFileType = sourcecode.c.h; path = "NSDictionary+RequestEncoding.h"; sourceTree = "<group>"; };
		4236E4F51A39F71200621B45 /* NSDictionary+RequestEncoding.m */ = {isa = PBXFileReference; fileEncoding = 4; lastKnownFileType = sourcecode.c.objc; path = "NSDictionary+RequestEncoding.m"; sourceTree = "<group>"; };
		4236E4F61A39F71200621B45 /* NSString+MKNetworkKitAdditions.h */ = {isa = PBXFileReference; fileEncoding = 4; lastKnownFileType = sourcecode.c.h; path = "NSString+MKNetworkKitAdditions.h"; sourceTree = "<group>"; };
		4236E4F71A39F71200621B45 /* NSString+MKNetworkKitAdditions.m */ = {isa = PBXFileReference; fileEncoding = 4; lastKnownFileType = sourcecode.c.objc; path = "NSString+MKNetworkKitAdditions.m"; sourceTree = "<group>"; };
		4236E4F81A39F71200621B45 /* UIAlertView+MKNetworkKitAdditions.h */ = {isa = PBXFileReference; fileEncoding = 4; lastKnownFileType = sourcecode.c.h; path = "UIAlertView+MKNetworkKitAdditions.h"; sourceTree = "<group>"; };
		4236E4F91A39F71200621B45 /* UIAlertView+MKNetworkKitAdditions.m */ = {isa = PBXFileReference; fileEncoding = 4; lastKnownFileType = sourcecode.c.objc; path = "UIAlertView+MKNetworkKitAdditions.m"; sourceTree = "<group>"; };
		4236E4FA1A39F71200621B45 /* UIImageView+MKNetworkKitAdditions.h */ = {isa = PBXFileReference; fileEncoding = 4; lastKnownFileType = sourcecode.c.h; path = "UIImageView+MKNetworkKitAdditions.h"; sourceTree = "<group>"; };
		4236E4FB1A39F71200621B45 /* UIImageView+MKNetworkKitAdditions.m */ = {isa = PBXFileReference; fileEncoding = 4; lastKnownFileType = sourcecode.c.objc; path = "UIImageView+MKNetworkKitAdditions.m"; sourceTree = "<group>"; };
		4236E4FC1A39F71200621B45 /* MKNetworkEngine.h */ = {isa = PBXFileReference; fileEncoding = 4; lastKnownFileType = sourcecode.c.h; path = MKNetworkEngine.h; sourceTree = "<group>"; };
		4236E4FD1A39F71200621B45 /* MKNetworkEngine.m */ = {isa = PBXFileReference; fileEncoding = 4; lastKnownFileType = sourcecode.c.objc; path = MKNetworkEngine.m; sourceTree = "<group>"; };
		4236E4FE1A39F71200621B45 /* MKNetworkKit.h */ = {isa = PBXFileReference; fileEncoding = 4; lastKnownFileType = sourcecode.c.h; path = MKNetworkKit.h; sourceTree = "<group>"; };
		4236E4FF1A39F71200621B45 /* MKNetworkOperation.h */ = {isa = PBXFileReference; fileEncoding = 4; lastKnownFileType = sourcecode.c.h; path = MKNetworkOperation.h; sourceTree = "<group>"; };
		4236E5001A39F71200621B45 /* MKNetworkOperation.m */ = {isa = PBXFileReference; fileEncoding = 4; lastKnownFileType = sourcecode.c.objc; path = MKNetworkOperation.m; sourceTree = "<group>"; };
		4236E5021A39F71200621B45 /* MKReachability.h */ = {isa = PBXFileReference; fileEncoding = 4; lastKnownFileType = sourcecode.c.h; path = MKReachability.h; sourceTree = "<group>"; };
		4236E5031A39F71200621B45 /* MKReachability.m */ = {isa = PBXFileReference; fileEncoding = 4; lastKnownFileType = sourcecode.c.objc; path = MKReachability.m; sourceTree = "<group>"; };
		4236E5051A39F71200621B45 /* Toast+UIView.h */ = {isa = PBXFileReference; fileEncoding = 4; lastKnownFileType = sourcecode.c.h; path = "Toast+UIView.h"; sourceTree = "<group>"; };
		4236E5061A39F71200621B45 /* Toast+UIView.m */ = {isa = PBXFileReference; fileEncoding = 4; lastKnownFileType = sourcecode.c.objc; path = "Toast+UIView.m"; sourceTree = "<group>"; };
		4236E5301A39F83B00621B45 /* CFNetwork.framework */ = {isa = PBXFileReference; lastKnownFileType = wrapper.framework; name = CFNetwork.framework; path = System/Library/Frameworks/CFNetwork.framework; sourceTree = SDKROOT; };
		4236E5321A39F84400621B45 /* Security.framework */ = {isa = PBXFileReference; lastKnownFileType = wrapper.framework; name = Security.framework; path = System/Library/Frameworks/Security.framework; sourceTree = SDKROOT; };
		4236E5341A39F85800621B45 /* SystemConfiguration.framework */ = {isa = PBXFileReference; lastKnownFileType = wrapper.framework; name = SystemConfiguration.framework; path = System/Library/Frameworks/SystemConfiguration.framework; sourceTree = SDKROOT; };
		4236E5371A39F89F00621B45 /* UIKit.framework */ = {isa = PBXFileReference; lastKnownFileType = wrapper.framework; name = UIKit.framework; path = System/Library/Frameworks/UIKit.framework; sourceTree = SDKROOT; };
		4236E53C1A39F8D500621B45 /* CoreGraphics.framework */ = {isa = PBXFileReference; lastKnownFileType = wrapper.framework; name = CoreGraphics.framework; path = System/Library/Frameworks/CoreGraphics.framework; sourceTree = SDKROOT; };
		4236E53E1A39F8E000621B45 /* Foundation.framework */ = {isa = PBXFileReference; lastKnownFileType = wrapper.framework; name = Foundation.framework; path = System/Library/Frameworks/Foundation.framework; sourceTree = SDKROOT; };
		4236E5401A39F8EC00621B45 /* CoreFoundation.framework */ = {isa = PBXFileReference; lastKnownFileType = wrapper.framework; name = CoreFoundation.framework; path = System/Library/Frameworks/CoreFoundation.framework; sourceTree = SDKROOT; };
		4236E5431A39FA3300621B45 /* UIViewAdditions.h */ = {isa = PBXFileReference; fileEncoding = 4; lastKnownFileType = sourcecode.c.h; path = UIViewAdditions.h; sourceTree = "<group>"; };
		4236E5441A39FA3300621B45 /* UIViewAdditions.m */ = {isa = PBXFileReference; fileEncoding = 4; lastKnownFileType = sourcecode.c.objc; path = UIViewAdditions.m; sourceTree = "<group>"; };
		4236E5471A39FD5700621B45 /* YQMessageHelper.h */ = {isa = PBXFileReference; fileEncoding = 4; lastKnownFileType = sourcecode.c.h; path = YQMessageHelper.h; sourceTree = "<group>"; };
		4236E5481A39FD5700621B45 /* YQMessageHelper.m */ = {isa = PBXFileReference; fileEncoding = 4; lastKnownFileType = sourcecode.c.objc; path = YQMessageHelper.m; sourceTree = "<group>"; };
		4236E54A1A39FD7A00621B45 /* YQGlobalHelper.h */ = {isa = PBXFileReference; fileEncoding = 4; lastKnownFileType = sourcecode.c.h; path = YQGlobalHelper.h; sourceTree = "<group>"; };
		4236E54B1A39FD7A00621B45 /* YQGlobalHelper.m */ = {isa = PBXFileReference; fileEncoding = 4; lastKnownFileType = sourcecode.c.objc; path = YQGlobalHelper.m; sourceTree = "<group>"; };
		427D06E71A8A77880071CE4A /* HairStyleDao.h */ = {isa = PBXFileReference; fileEncoding = 4; lastKnownFileType = sourcecode.c.h; path = HairStyleDao.h; sourceTree = "<group>"; };
		427D06E81A8A77880071CE4A /* HairStyleDao.m */ = {isa = PBXFileReference; fileEncoding = 4; lastKnownFileType = sourcecode.c.objc; path = HairStyleDao.m; sourceTree = "<group>"; };
		427D06EA1A8A803F0071CE4A /* BaseTableViewCell.h */ = {isa = PBXFileReference; fileEncoding = 4; lastKnownFileType = sourcecode.c.h; path = BaseTableViewCell.h; sourceTree = "<group>"; };
		427D06EB1A8A803F0071CE4A /* BaseTableViewCell.m */ = {isa = PBXFileReference; fileEncoding = 4; lastKnownFileType = sourcecode.c.objc; path = BaseTableViewCell.m; sourceTree = "<group>"; };
		429EEDCE1A45D79100E1E631 /* MJRefresh.bundle */ = {isa = PBXFileReference; lastKnownFileType = "wrapper.plug-in"; path = MJRefresh.bundle; sourceTree = "<group>"; };
		429EEDCF1A45D79100E1E631 /* MJRefresh.h */ = {isa = PBXFileReference; fileEncoding = 4; lastKnownFileType = sourcecode.c.h; path = MJRefresh.h; sourceTree = "<group>"; };
		429EEDD01A45D79100E1E631 /* MJRefreshBaseView.h */ = {isa = PBXFileReference; fileEncoding = 4; lastKnownFileType = sourcecode.c.h; path = MJRefreshBaseView.h; sourceTree = "<group>"; };
		429EEDD11A45D79100E1E631 /* MJRefreshBaseView.m */ = {isa = PBXFileReference; fileEncoding = 4; lastKnownFileType = sourcecode.c.objc; path = MJRefreshBaseView.m; sourceTree = "<group>"; };
		429EEDD21A45D79100E1E631 /* MJRefreshConst.h */ = {isa = PBXFileReference; fileEncoding = 4; lastKnownFileType = sourcecode.c.h; path = MJRefreshConst.h; sourceTree = "<group>"; };
		429EEDD31A45D79100E1E631 /* MJRefreshConst.m */ = {isa = PBXFileReference; fileEncoding = 4; lastKnownFileType = sourcecode.c.objc; path = MJRefreshConst.m; sourceTree = "<group>"; };
		429EEDD41A45D79100E1E631 /* MJRefreshFooterView.h */ = {isa = PBXFileReference; fileEncoding = 4; lastKnownFileType = sourcecode.c.h; path = MJRefreshFooterView.h; sourceTree = "<group>"; };
		429EEDD51A45D79100E1E631 /* MJRefreshFooterView.m */ = {isa = PBXFileReference; fileEncoding = 4; lastKnownFileType = sourcecode.c.objc; path = MJRefreshFooterView.m; sourceTree = "<group>"; };
		429EEDD61A45D79100E1E631 /* MJRefreshHeaderView.h */ = {isa = PBXFileReference; fileEncoding = 4; lastKnownFileType = sourcecode.c.h; path = MJRefreshHeaderView.h; sourceTree = "<group>"; };
		429EEDD71A45D79100E1E631 /* MJRefreshHeaderView.m */ = {isa = PBXFileReference; fileEncoding = 4; lastKnownFileType = sourcecode.c.objc; path = MJRefreshHeaderView.m; sourceTree = "<group>"; };
		42A4DDB11A49DA5400162177 /* zh-Hans */ = {isa = PBXFileReference; lastKnownFileType = text.plist.strings; name = "zh-Hans"; path = "zh-Hans.lproj/Main.strings"; sourceTree = "<group>"; };
		42A4DDB21A49DA5400162177 /* zh-Hans */ = {isa = PBXFileReference; lastKnownFileType = text.plist.strings; name = "zh-Hans"; path = "zh-Hans.lproj/LaunchScreen.strings"; sourceTree = "<group>"; };
		42B063731A7528D1002E5F41 /* HairService.h */ = {isa = PBXFileReference; fileEncoding = 4; lastKnownFileType = sourcecode.c.h; path = HairService.h; sourceTree = "<group>"; };
		42B063741A7528D1002E5F41 /* HairService.m */ = {isa = PBXFileReference; fileEncoding = 4; lastKnownFileType = sourcecode.c.objc; path = HairService.m; sourceTree = "<group>"; };
		42B063761A752A1D002E5F41 /* T8KeychainHelper.h */ = {isa = PBXFileReference; fileEncoding = 4; lastKnownFileType = sourcecode.c.h; path = T8KeychainHelper.h; sourceTree = "<group>"; };
		42B063771A752A1D002E5F41 /* T8KeychainHelper.m */ = {isa = PBXFileReference; fileEncoding = 4; lastKnownFileType = sourcecode.c.objc; path = T8KeychainHelper.m; sourceTree = "<group>"; };
		42B063791A75394A002E5F41 /* T8SandboxHelper.h */ = {isa = PBXFileReference; fileEncoding = 4; lastKnownFileType = sourcecode.c.h; path = T8SandboxHelper.h; sourceTree = "<group>"; };
		42B0637A1A75394A002E5F41 /* T8SandboxHelper.m */ = {isa = PBXFileReference; fileEncoding = 4; lastKnownFileType = sourcecode.c.objc; path = T8SandboxHelper.m; sourceTree = "<group>"; };
		42B0637D1A754278002E5F41 /* bitstream.c */ = {isa = PBXFileReference; fileEncoding = 4; lastKnownFileType = sourcecode.c.c; path = bitstream.c; sourceTree = "<group>"; };
		42B0637E1A754278002E5F41 /* bitstream.h */ = {isa = PBXFileReference; fileEncoding = 4; lastKnownFileType = sourcecode.c.h; path = bitstream.h; sourceTree = "<group>"; };
		42B0637F1A754278002E5F41 /* mask.c */ = {isa = PBXFileReference; fileEncoding = 4; lastKnownFileType = sourcecode.c.c; path = mask.c; sourceTree = "<group>"; };
		42B063801A754278002E5F41 /* mask.h */ = {isa = PBXFileReference; fileEncoding = 4; lastKnownFileType = sourcecode.c.h; path = mask.h; sourceTree = "<group>"; };
		42B063811A754278002E5F41 /* qrencode.c */ = {isa = PBXFileReference; fileEncoding = 4; lastKnownFileType = sourcecode.c.c; path = qrencode.c; sourceTree = "<group>"; };
		42B063821A754278002E5F41 /* qrencode.h */ = {isa = PBXFileReference; fileEncoding = 4; lastKnownFileType = sourcecode.c.h; path = qrencode.h; sourceTree = "<group>"; };
		42B063831A754278002E5F41 /* qrinput.c */ = {isa = PBXFileReference; fileEncoding = 4; lastKnownFileType = sourcecode.c.c; path = qrinput.c; sourceTree = "<group>"; };
		42B063841A754278002E5F41 /* qrinput.h */ = {isa = PBXFileReference; fileEncoding = 4; lastKnownFileType = sourcecode.c.h; path = qrinput.h; sourceTree = "<group>"; };
		42B063851A754278002E5F41 /* qrspec.c */ = {isa = PBXFileReference; fileEncoding = 4; lastKnownFileType = sourcecode.c.c; path = qrspec.c; sourceTree = "<group>"; };
		42B063861A754278002E5F41 /* qrspec.h */ = {isa = PBXFileReference; fileEncoding = 4; lastKnownFileType = sourcecode.c.h; path = qrspec.h; sourceTree = "<group>"; };
		42B063871A754278002E5F41 /* rscode.c */ = {isa = PBXFileReference; fileEncoding = 4; lastKnownFileType = sourcecode.c.c; path = rscode.c; sourceTree = "<group>"; };
		42B063881A754278002E5F41 /* rscode.h */ = {isa = PBXFileReference; fileEncoding = 4; lastKnownFileType = sourcecode.c.h; path = rscode.h; sourceTree = "<group>"; };
		42B063891A754278002E5F41 /* split.c */ = {isa = PBXFileReference; fileEncoding = 4; lastKnownFileType = sourcecode.c.c; path = split.c; sourceTree = "<group>"; };
		42B0638A1A754278002E5F41 /* split.h */ = {isa = PBXFileReference; fileEncoding = 4; lastKnownFileType = sourcecode.c.h; path = split.h; sourceTree = "<group>"; };
		42B063921A75428C002E5F41 /* QRCodeGenerator.h */ = {isa = PBXFileReference; fileEncoding = 4; lastKnownFileType = sourcecode.c.h; path = QRCodeGenerator.h; sourceTree = "<group>"; };
		42B063931A75428C002E5F41 /* QRCodeGenerator.m */ = {isa = PBXFileReference; fileEncoding = 4; lastKnownFileType = sourcecode.c.objc; path = QRCodeGenerator.m; sourceTree = "<group>"; };
		42EEC6A01A7E95BA00FE06D4 /* XBPickerViewController.h */ = {isa = PBXFileReference; fileEncoding = 4; lastKnownFileType = sourcecode.c.h; path = XBPickerViewController.h; sourceTree = "<group>"; };
		42EEC6A11A7E95BA00FE06D4 /* XBPickerViewController.m */ = {isa = PBXFileReference; fileEncoding = 4; lastKnownFileType = sourcecode.c.objc; path = XBPickerViewController.m; sourceTree = "<group>"; };
		42EEC6A21A7E95BA00FE06D4 /* XBPickerViewController.xib */ = {isa = PBXFileReference; fileEncoding = 4; lastKnownFileType = file.xib; path = XBPickerViewController.xib; sourceTree = "<group>"; };
		42EEC6A61A7EA26200FE06D4 /* HairStyleModel.h */ = {isa = PBXFileReference; fileEncoding = 4; lastKnownFileType = sourcecode.c.h; path = HairStyleModel.h; sourceTree = "<group>"; };
		42EEC6A71A7EA26200FE06D4 /* HairStyleModel.m */ = {isa = PBXFileReference; fileEncoding = 4; lastKnownFileType = sourcecode.c.objc; path = HairStyleModel.m; sourceTree = "<group>"; };
		42EEC6AA1A7EA3E500FE06D4 /* NSData-SQLitePersistence.h */ = {isa = PBXFileReference; fileEncoding = 4; lastKnownFileType = sourcecode.c.h; path = "NSData-SQLitePersistence.h"; sourceTree = "<group>"; };
		42EEC6AB1A7EA3E500FE06D4 /* NSData-SQLitePersistence.m */ = {isa = PBXFileReference; fileEncoding = 4; lastKnownFileType = sourcecode.c.objc; path = "NSData-SQLitePersistence.m"; sourceTree = "<group>"; };
		42EEC6AC1A7EA3E500FE06D4 /* NSDate-SQLitePersistence.h */ = {isa = PBXFileReference; fileEncoding = 4; lastKnownFileType = sourcecode.c.h; path = "NSDate-SQLitePersistence.h"; sourceTree = "<group>"; };
		42EEC6AD1A7EA3E500FE06D4 /* NSDate-SQLitePersistence.m */ = {isa = PBXFileReference; fileEncoding = 4; lastKnownFileType = sourcecode.c.objc; path = "NSDate-SQLitePersistence.m"; sourceTree = "<group>"; };
		42EEC6AE1A7EA3E500FE06D4 /* NSMutableArray-MultipleSort.h */ = {isa = PBXFileReference; fileEncoding = 4; lastKnownFileType = sourcecode.c.h; path = "NSMutableArray-MultipleSort.h"; sourceTree = "<group>"; };
		42EEC6AF1A7EA3E500FE06D4 /* NSMutableArray-MultipleSort.m */ = {isa = PBXFileReference; fileEncoding = 4; lastKnownFileType = sourcecode.c.objc; path = "NSMutableArray-MultipleSort.m"; sourceTree = "<group>"; };
		42EEC6B01A7EA3E500FE06D4 /* NSMutableData-SQLitePersistence.h */ = {isa = PBXFileReference; fileEncoding = 4; lastKnownFileType = sourcecode.c.h; path = "NSMutableData-SQLitePersistence.h"; sourceTree = "<group>"; };
		42EEC6B11A7EA3E500FE06D4 /* NSMutableData-SQLitePersistence.m */ = {isa = PBXFileReference; fileEncoding = 4; lastKnownFileType = sourcecode.c.objc; path = "NSMutableData-SQLitePersistence.m"; sourceTree = "<group>"; };
		42EEC6B21A7EA3E500FE06D4 /* NSNumber-SQLitePersistence.h */ = {isa = PBXFileReference; fileEncoding = 4; lastKnownFileType = sourcecode.c.h; path = "NSNumber-SQLitePersistence.h"; sourceTree = "<group>"; };
		42EEC6B31A7EA3E500FE06D4 /* NSNumber-SQLitePersistence.m */ = {isa = PBXFileReference; fileEncoding = 4; lastKnownFileType = sourcecode.c.objc; path = "NSNumber-SQLitePersistence.m"; sourceTree = "<group>"; };
		42EEC6B41A7EA3E500FE06D4 /* NSObject-ClassName.h */ = {isa = PBXFileReference; fileEncoding = 4; lastKnownFileType = sourcecode.c.h; path = "NSObject-ClassName.h"; sourceTree = "<group>"; };
		42EEC6B51A7EA3E500FE06D4 /* NSObject-ClassName.m */ = {isa = PBXFileReference; fileEncoding = 4; lastKnownFileType = sourcecode.c.objc; path = "NSObject-ClassName.m"; sourceTree = "<group>"; };
		42EEC6B61A7EA3E500FE06D4 /* NSObject-MissingKV.h */ = {isa = PBXFileReference; fileEncoding = 4; lastKnownFileType = sourcecode.c.h; path = "NSObject-MissingKV.h"; sourceTree = "<group>"; };
		42EEC6B71A7EA3E500FE06D4 /* NSObject-MissingKV.m */ = {isa = PBXFileReference; fileEncoding = 4; lastKnownFileType = sourcecode.c.objc; path = "NSObject-MissingKV.m"; sourceTree = "<group>"; };
		42EEC6B81A7EA3E500FE06D4 /* NSObject-SQLitePersistence.h */ = {isa = PBXFileReference; fileEncoding = 4; lastKnownFileType = sourcecode.c.h; path = "NSObject-SQLitePersistence.h"; sourceTree = "<group>"; };
		42EEC6B91A7EA3E500FE06D4 /* NSObject-SQLitePersistence.m */ = {isa = PBXFileReference; fileEncoding = 4; lastKnownFileType = sourcecode.c.objc; path = "NSObject-SQLitePersistence.m"; sourceTree = "<group>"; };
		42EEC6BA1A7EA3E500FE06D4 /* NSString-NumberStuff.h */ = {isa = PBXFileReference; fileEncoding = 4; lastKnownFileType = sourcecode.c.h; path = "NSString-NumberStuff.h"; sourceTree = "<group>"; };
		42EEC6BB1A7EA3E500FE06D4 /* NSString-NumberStuff.m */ = {isa = PBXFileReference; fileEncoding = 4; lastKnownFileType = sourcecode.c.objc; path = "NSString-NumberStuff.m"; sourceTree = "<group>"; };
		42EEC6BC1A7EA3E500FE06D4 /* NSString-SQLiteColumnName.h */ = {isa = PBXFileReference; fileEncoding = 4; lastKnownFileType = sourcecode.c.h; path = "NSString-SQLiteColumnName.h"; sourceTree = "<group>"; };
		42EEC6BD1A7EA3E500FE06D4 /* NSString-SQLiteColumnName.m */ = {isa = PBXFileReference; fileEncoding = 4; lastKnownFileType = sourcecode.c.objc; path = "NSString-SQLiteColumnName.m"; sourceTree = "<group>"; };
		42EEC6BE1A7EA3E500FE06D4 /* NSString-SQLitePersistence.h */ = {isa = PBXFileReference; fileEncoding = 4; lastKnownFileType = sourcecode.c.h; path = "NSString-SQLitePersistence.h"; sourceTree = "<group>"; };
		42EEC6BF1A7EA3E500FE06D4 /* NSString-SQLitePersistence.m */ = {isa = PBXFileReference; fileEncoding = 4; lastKnownFileType = sourcecode.c.objc; path = "NSString-SQLitePersistence.m"; sourceTree = "<group>"; };
		42EEC6C01A7EA3E500FE06D4 /* NSString-UppercaseFirst.h */ = {isa = PBXFileReference; fileEncoding = 4; lastKnownFileType = sourcecode.c.h; path = "NSString-UppercaseFirst.h"; sourceTree = "<group>"; };
		42EEC6C11A7EA3E500FE06D4 /* NSString-UppercaseFirst.m */ = {isa = PBXFileReference; fileEncoding = 4; lastKnownFileType = sourcecode.c.objc; path = "NSString-UppercaseFirst.m"; sourceTree = "<group>"; };
		42EEC6C21A7EA3E500FE06D4 /* SQLiteInstanceManager.h */ = {isa = PBXFileReference; fileEncoding = 4; lastKnownFileType = sourcecode.c.h; path = SQLiteInstanceManager.h; sourceTree = "<group>"; };
		42EEC6C31A7EA3E500FE06D4 /* SQLiteInstanceManager.m */ = {isa = PBXFileReference; fileEncoding = 4; lastKnownFileType = sourcecode.c.objc; path = SQLiteInstanceManager.m; sourceTree = "<group>"; };
		42EEC6C41A7EA3E500FE06D4 /* SQLitePersistentObject.h */ = {isa = PBXFileReference; fileEncoding = 4; lastKnownFileType = sourcecode.c.h; path = SQLitePersistentObject.h; sourceTree = "<group>"; };
		42EEC6C51A7EA3E500FE06D4 /* SQLitePersistentObject.m */ = {isa = PBXFileReference; fileEncoding = 4; lastKnownFileType = sourcecode.c.objc; path = SQLitePersistentObject.m; sourceTree = "<group>"; };
		42EEC6C61A7EA3E500FE06D4 /* UIColor-SQLitePersistentObject.h */ = {isa = PBXFileReference; fileEncoding = 4; lastKnownFileType = sourcecode.c.h; path = "UIColor-SQLitePersistentObject.h"; sourceTree = "<group>"; };
		42EEC6C71A7EA3E500FE06D4 /* UIColor-SQLitePersistentObject.m */ = {isa = PBXFileReference; fileEncoding = 4; lastKnownFileType = sourcecode.c.objc; path = "UIColor-SQLitePersistentObject.m"; sourceTree = "<group>"; };
		42EEC6C81A7EA3E500FE06D4 /* UIImage-SQLitePersistence.h */ = {isa = PBXFileReference; fileEncoding = 4; lastKnownFileType = sourcecode.c.h; path = "UIImage-SQLitePersistence.h"; sourceTree = "<group>"; };
		42EEC6C91A7EA3E500FE06D4 /* UIImage-SQLitePersistence.m */ = {isa = PBXFileReference; fileEncoding = 4; lastKnownFileType = sourcecode.c.objc; path = "UIImage-SQLitePersistence.m"; sourceTree = "<group>"; };
		42EEC6DA1A7EA44100FE06D4 /* NSDictionary+Ext.h */ = {isa = PBXFileReference; fileEncoding = 4; lastKnownFileType = sourcecode.c.h; path = "NSDictionary+Ext.h"; sourceTree = "<group>"; };
		42EEC6DB1A7EA44200FE06D4 /* NSDictionary+Ext.m */ = {isa = PBXFileReference; fileEncoding = 4; lastKnownFileType = sourcecode.c.objc; path = "NSDictionary+Ext.m"; sourceTree = "<group>"; };
		42EEC6DD1A7EA71900FE06D4 /* libsqlite3.0.dylib */ = {isa = PBXFileReference; lastKnownFileType = "compiled.mach-o.dylib"; name = libsqlite3.0.dylib; path = usr/lib/libsqlite3.0.dylib; sourceTree = SDKROOT; };
		6D7A0CDC1A34B4C400B7E6D1 /* Hair.app */ = {isa = PBXFileReference; explicitFileType = wrapper.application; includeInIndex = 0; path = Hair.app; sourceTree = BUILT_PRODUCTS_DIR; };
		6D7A0CE01A34B4C400B7E6D1 /* Info.plist */ = {isa = PBXFileReference; lastKnownFileType = text.plist.xml; path = Info.plist; sourceTree = "<group>"; };
		6D7A0CE11A34B4C400B7E6D1 /* main.m */ = {isa = PBXFileReference; lastKnownFileType = sourcecode.c.objc; path = main.m; sourceTree = "<group>"; };
		6D7A0CE31A34B4C400B7E6D1 /* AppDelegate.h */ = {isa = PBXFileReference; lastKnownFileType = sourcecode.c.h; path = AppDelegate.h; sourceTree = "<group>"; };
		6D7A0CE41A34B4C400B7E6D1 /* AppDelegate.m */ = {isa = PBXFileReference; lastKnownFileType = sourcecode.c.objc; path = AppDelegate.m; sourceTree = "<group>"; };
		6D7A0CE61A34B4C400B7E6D1 /* ViewController.h */ = {isa = PBXFileReference; lastKnownFileType = sourcecode.c.h; name = ViewController.h; path = ../ViewController.h; sourceTree = "<group>"; };
		6D7A0CE71A34B4C400B7E6D1 /* ViewController.m */ = {isa = PBXFileReference; lastKnownFileType = sourcecode.c.objc; name = ViewController.m; path = ../ViewController.m; sourceTree = "<group>"; };
		6D7A0CEA1A34B4C400B7E6D1 /* Base */ = {isa = PBXFileReference; lastKnownFileType = file.storyboard; name = Base; path = Base.lproj/Main.storyboard; sourceTree = "<group>"; };
		6D7A0CEC1A34B4C400B7E6D1 /* Images.xcassets */ = {isa = PBXFileReference; lastKnownFileType = folder.assetcatalog; path = Images.xcassets; sourceTree = "<group>"; };
		6D7A0CEF1A34B4C400B7E6D1 /* Base */ = {isa = PBXFileReference; lastKnownFileType = file.xib; name = Base; path = Base.lproj/LaunchScreen.xib; sourceTree = "<group>"; };
		6D7A0CF51A34B4C400B7E6D1 /* HairTests.xctest */ = {isa = PBXFileReference; explicitFileType = wrapper.cfbundle; includeInIndex = 0; path = HairTests.xctest; sourceTree = BUILT_PRODUCTS_DIR; };
		6D7A0CFA1A34B4C400B7E6D1 /* Info.plist */ = {isa = PBXFileReference; lastKnownFileType = text.plist.xml; path = Info.plist; sourceTree = "<group>"; };
		6D7A0CFB1A34B4C400B7E6D1 /* HairTests.m */ = {isa = PBXFileReference; lastKnownFileType = sourcecode.c.objc; path = HairTests.m; sourceTree = "<group>"; };
		6D7A0D0C1A34B62600B7E6D1 /* HairDetailViewController.h */ = {isa = PBXFileReference; fileEncoding = 4; lastKnownFileType = sourcecode.c.h; path = HairDetailViewController.h; sourceTree = "<group>"; };
		6D7A0D0D1A34B62600B7E6D1 /* HairDetailViewController.m */ = {isa = PBXFileReference; fileEncoding = 4; lastKnownFileType = sourcecode.c.objc; path = HairDetailViewController.m; sourceTree = "<group>"; };
		6DBC971F1A47B1FE00AA46B8 /* HairDisplayView.h */ = {isa = PBXFileReference; fileEncoding = 4; lastKnownFileType = sourcecode.c.h; path = HairDisplayView.h; sourceTree = "<group>"; };
		6DBC97201A47B1FE00AA46B8 /* HairDisplayView.m */ = {isa = PBXFileReference; fileEncoding = 4; lastKnownFileType = sourcecode.c.objc; path = HairDisplayView.m; sourceTree = "<group>"; };
		6DBC97311A49DE0700AA46B8 /* ExperienceVC.h */ = {isa = PBXFileReference; fileEncoding = 4; lastKnownFileType = sourcecode.c.h; path = ExperienceVC.h; sourceTree = "<group>"; };
		6DBC97321A49DE0700AA46B8 /* ExperienceVC.m */ = {isa = PBXFileReference; fileEncoding = 4; lastKnownFileType = sourcecode.c.objc; path = ExperienceVC.m; sourceTree = "<group>"; };
		6DE30DD61A457866005FC6EE /* PhotoViewCell.h */ = {isa = PBXFileReference; fileEncoding = 4; lastKnownFileType = sourcecode.c.h; name = PhotoViewCell.h; path = ../PhotoViewCell.h; sourceTree = "<group>"; };
		6DE30DD71A457866005FC6EE /* PhotoViewCell.m */ = {isa = PBXFileReference; fileEncoding = 4; lastKnownFileType = sourcecode.c.objc; name = PhotoViewCell.m; path = ../PhotoViewCell.m; sourceTree = "<group>"; };
/* End PBXFileReference section */

/* Begin PBXFrameworksBuildPhase section */
		6D7A0CD91A34B4C400B7E6D1 /* Frameworks */ = {
			isa = PBXFrameworksBuildPhase;
			buildActionMask = 2147483647;
			files = (
				42EEC6DE1A7EA71900FE06D4 /* libsqlite3.0.dylib in Frameworks */,
				4236E5411A39F8EC00621B45 /* CoreFoundation.framework in Frameworks */,
				4236E53F1A39F8E000621B45 /* Foundation.framework in Frameworks */,
				4236E53D1A39F8D500621B45 /* CoreGraphics.framework in Frameworks */,
				4236E53B1A39F8C000621B45 /* Security.framework in Frameworks */,
				4236E53A1A39F8B800621B45 /* CFNetwork.framework in Frameworks */,
				4236E5391A39F8B100621B45 /* SystemConfiguration.framework in Frameworks */,
				4236E5381A39F89F00621B45 /* UIKit.framework in Frameworks */,
			);
			runOnlyForDeploymentPostprocessing = 0;
		};
		6D7A0CF21A34B4C400B7E6D1 /* Frameworks */ = {
			isa = PBXFrameworksBuildPhase;
			buildActionMask = 2147483647;
			files = (
			);
			runOnlyForDeploymentPostprocessing = 0;
		};
/* End PBXFrameworksBuildPhase section */

/* Begin PBXGroup section */
		4236E4B71A39F49200621B45 /* Network */ = {
			isa = PBXGroup;
			children = (
				4236E4B81A39F49200621B45 /* BaseRequest */,
				4236E4BD1A39F49200621B45 /* Service */,
			);
			path = Network;
			sourceTree = "<group>";
		};
		4236E4B81A39F49200621B45 /* BaseRequest */ = {
			isa = PBXGroup;
			children = (
				4236E4B91A39F49200621B45 /* BaseNetworkEngine.h */,
				4236E4BA1A39F49200621B45 /* BaseNetworkEngine.m */,
				4236E4BB1A39F49200621B45 /* NetService.h */,
				4236E4BC1A39F49200621B45 /* NetService.m */,
			);
			path = BaseRequest;
			sourceTree = "<group>";
		};
		4236E4BD1A39F49200621B45 /* Service */ = {
			isa = PBXGroup;
			children = (
				42B063731A7528D1002E5F41 /* HairService.h */,
				42B063741A7528D1002E5F41 /* HairService.m */,
			);
			path = Service;
			sourceTree = "<group>";
		};
		4236E4BE1A39F49200621B45 /* Thirdpart */ = {
			isa = PBXGroup;
			children = (
				42EEC6A91A7EA3E500FE06D4 /* SQLitePersistentObjects */,
				42EEC69F1A7E95BA00FE06D4 /* XBPickerViewController */,
				42B0637C1A754278002E5F41 /* libqrencode */,
				429EEDCD1A45D79100E1E631 /* MJRefresh */,
				4236E4C21A39F71200621B45 /* BlockAlertComponent */,
				4236E4E71A39F71200621B45 /* MBProgressHUD */,
				4236E4EC1A39F71200621B45 /* MKNetworkKit */,
				4236E5041A39F71200621B45 /* SimpleToast */,
			);
			path = Thirdpart;
			sourceTree = "<group>";
		};
		4236E4C21A39F71200621B45 /* BlockAlertComponent */ = {
			isa = PBXGroup;
			children = (
				4236E4C31A39F71200621B45 /* images */,
				4236E4E01A39F71200621B45 /* ProjectSpecific */,
				4236E4E21A39F71200621B45 /* ToAddToYourProjects */,
			);
			path = BlockAlertComponent;
			sourceTree = "<group>";
		};
		4236E4C31A39F71200621B45 /* images */ = {
			isa = PBXGroup;
			children = (
				4236E4C41A39F71200621B45 /* ActionSheet */,
				4236E4D31A39F71200621B45 /* AlertView */,
			);
			path = images;
			sourceTree = "<group>";
		};
		4236E4C41A39F71200621B45 /* ActionSheet */ = {
			isa = PBXGroup;
			children = (
				4236E4C51A39F71200621B45 /* action-black-button-selected.png */,
				4236E4C61A39F71200621B45 /* action-black-button-selected@2x.png */,
				4236E4C71A39F71200621B45 /* action-black-button.png */,
				4236E4C81A39F71200621B45 /* action-black-button@2x.png */,
				4236E4C91A39F71200621B45 /* action-gray-button-selected.png */,
				4236E4CA1A39F71200621B45 /* action-gray-button-selected@2x.png */,
				4236E4CB1A39F71200621B45 /* action-gray-button.png */,
				4236E4CC1A39F71200621B45 /* action-gray-button@2x.png */,
				4236E4CD1A39F71200621B45 /* action-red-button-selected.png */,
				4236E4CE1A39F71200621B45 /* action-red-button-selected@2x.png */,
				4236E4CF1A39F71200621B45 /* action-red-button.png */,
				4236E4D01A39F71200621B45 /* action-red-button@2x.png */,
				4236E4D11A39F71200621B45 /* action-sheet-panel.png */,
				4236E4D21A39F71200621B45 /* action-sheet-panel@2x.png */,
			);
			path = ActionSheet;
			sourceTree = "<group>";
		};
		4236E4D31A39F71200621B45 /* AlertView */ = {
			isa = PBXGroup;
			children = (
				4236E4D41A39F71200621B45 /* alert-black-button.png */,
				4236E4D51A39F71200621B45 /* alert-black-button@2x.png */,
				4236E4D61A39F71200621B45 /* alert-gray-button.png */,
				4236E4D71A39F71200621B45 /* alert-gray-button@2x.png */,
				4236E4D81A39F71200621B45 /* alert-red-button.png */,
				4236E4D91A39F71200621B45 /* alert-red-button@2x.png */,
				4236E4DA1A39F71200621B45 /* alert-window-landscape.png */,
				4236E4DB1A39F71200621B45 /* alert-window-landscape@2x.png */,
				4236E4DC1A39F71200621B45 /* alert-window.png */,
				4236E4DD1A39F71200621B45 /* alert-window@2x.png */,
				4236E4DE1A39F71200621B45 /* alert_window_jingwei@2x.png */,
				4236E4DF1A39F71200621B45 /* alertViewClose@2x.png */,
			);
			path = AlertView;
			sourceTree = "<group>";
		};
		4236E4E01A39F71200621B45 /* ProjectSpecific */ = {
			isa = PBXGroup;
			children = (
				4236E4E11A39F71200621B45 /* BlockUI.h */,
			);
			path = ProjectSpecific;
			sourceTree = "<group>";
		};
		4236E4E21A39F71200621B45 /* ToAddToYourProjects */ = {
			isa = PBXGroup;
			children = (
				4236E4E31A39F71200621B45 /* BlockAlertView.h */,
				4236E4E41A39F71200621B45 /* BlockAlertView.m */,
				4236E4E51A39F71200621B45 /* BlockBackground.h */,
				4236E4E61A39F71200621B45 /* BlockBackground.m */,
			);
			path = ToAddToYourProjects;
			sourceTree = "<group>";
		};
		4236E4E71A39F71200621B45 /* MBProgressHUD */ = {
			isa = PBXGroup;
			children = (
				4236E4E81A39F71200621B45 /* MBProgressHUD+Add.h */,
				4236E4E91A39F71200621B45 /* MBProgressHUD+Add.m */,
				4236E4EA1A39F71200621B45 /* MBProgressHUD.h */,
				4236E4EB1A39F71200621B45 /* MBProgressHUD.m */,
			);
			path = MBProgressHUD;
			sourceTree = "<group>";
		};
		4236E4EC1A39F71200621B45 /* MKNetworkKit */ = {
			isa = PBXGroup;
			children = (
				4236E4ED1A39F71200621B45 /* Categories */,
				4236E4FC1A39F71200621B45 /* MKNetworkEngine.h */,
				4236E4FD1A39F71200621B45 /* MKNetworkEngine.m */,
				4236E4FE1A39F71200621B45 /* MKNetworkKit.h */,
				4236E4FF1A39F71200621B45 /* MKNetworkOperation.h */,
				4236E5001A39F71200621B45 /* MKNetworkOperation.m */,
				4236E5011A39F71200621B45 /* MKReachbility */,
			);
			path = MKNetworkKit;
			sourceTree = "<group>";
		};
		4236E4ED1A39F71200621B45 /* Categories */ = {
			isa = PBXGroup;
			children = (
				4236E4EE1A39F71200621B45 /* NSAlert+MKNetworkKitAdditions.h */,
				4236E4EF1A39F71200621B45 /* NSAlert+MKNetworkKitAdditions.m */,
				4236E4F01A39F71200621B45 /* NSData+MKBase64.h */,
				4236E4F11A39F71200621B45 /* NSData+MKBase64.m */,
				4236E4F21A39F71200621B45 /* NSDate+RFC1123.h */,
				4236E4F31A39F71200621B45 /* NSDate+RFC1123.m */,
				4236E4F41A39F71200621B45 /* NSDictionary+RequestEncoding.h */,
				4236E4F51A39F71200621B45 /* NSDictionary+RequestEncoding.m */,
				4236E4F61A39F71200621B45 /* NSString+MKNetworkKitAdditions.h */,
				4236E4F71A39F71200621B45 /* NSString+MKNetworkKitAdditions.m */,
				4236E4F81A39F71200621B45 /* UIAlertView+MKNetworkKitAdditions.h */,
				4236E4F91A39F71200621B45 /* UIAlertView+MKNetworkKitAdditions.m */,
				4236E4FA1A39F71200621B45 /* UIImageView+MKNetworkKitAdditions.h */,
				4236E4FB1A39F71200621B45 /* UIImageView+MKNetworkKitAdditions.m */,
			);
			path = Categories;
			sourceTree = "<group>";
		};
		4236E5011A39F71200621B45 /* MKReachbility */ = {
			isa = PBXGroup;
			children = (
				4236E5021A39F71200621B45 /* MKReachability.h */,
				4236E5031A39F71200621B45 /* MKReachability.m */,
			);
			path = MKReachbility;
			sourceTree = "<group>";
		};
		4236E5041A39F71200621B45 /* SimpleToast */ = {
			isa = PBXGroup;
			children = (
				4236E5051A39F71200621B45 /* Toast+UIView.h */,
				4236E5061A39F71200621B45 /* Toast+UIView.m */,
			);
			path = SimpleToast;
			sourceTree = "<group>";
		};
		4236E5361A39F86800621B45 /* Frameworks */ = {
			isa = PBXGroup;
			children = (
				42EEC6DD1A7EA71900FE06D4 /* libsqlite3.0.dylib */,
				4236E5401A39F8EC00621B45 /* CoreFoundation.framework */,
				4236E53E1A39F8E000621B45 /* Foundation.framework */,
				4236E53C1A39F8D500621B45 /* CoreGraphics.framework */,
				4236E5371A39F89F00621B45 /* UIKit.framework */,
				4236E5341A39F85800621B45 /* SystemConfiguration.framework */,
				4236E5321A39F84400621B45 /* Security.framework */,
				4236E5301A39F83B00621B45 /* CFNetwork.framework */,
			);
			name = Frameworks;
			sourceTree = "<group>";
		};
		4236E5421A39F9ED00621B45 /* Categorys */ = {
			isa = PBXGroup;
			children = (
				4236E5431A39FA3300621B45 /* UIViewAdditions.h */,
				4236E5441A39FA3300621B45 /* UIViewAdditions.m */,
			);
			path = Categorys;
			sourceTree = "<group>";
		};
		4236E5461A39FD2F00621B45 /* Assistant&Helper */ = {
			isa = PBXGroup;
			children = (
				42EEC6DA1A7EA44100FE06D4 /* NSDictionary+Ext.h */,
				42EEC6DB1A7EA44200FE06D4 /* NSDictionary+Ext.m */,
				42B063921A75428C002E5F41 /* QRCodeGenerator.h */,
				42B063931A75428C002E5F41 /* QRCodeGenerator.m */,
				42B063791A75394A002E5F41 /* T8SandboxHelper.h */,
				42B0637A1A75394A002E5F41 /* T8SandboxHelper.m */,
				42B063761A752A1D002E5F41 /* T8KeychainHelper.h */,
				42B063771A752A1D002E5F41 /* T8KeychainHelper.m */,
				4236E54A1A39FD7A00621B45 /* YQGlobalHelper.h */,
				4236E54B1A39FD7A00621B45 /* YQGlobalHelper.m */,
				4236E5471A39FD5700621B45 /* YQMessageHelper.h */,
				4236E5481A39FD5700621B45 /* YQMessageHelper.m */,
			);
			path = "Assistant&Helper";
			sourceTree = "<group>";
		};
		427D06E41A8A66E40071CE4A /* Index */ = {
			isa = PBXGroup;
			children = (
				6D7A0CE61A34B4C400B7E6D1 /* ViewController.h */,
				6D7A0CE71A34B4C400B7E6D1 /* ViewController.m */,
				6DE30DD61A457866005FC6EE /* PhotoViewCell.h */,
				6DE30DD71A457866005FC6EE /* PhotoViewCell.m */,
				427D06EA1A8A803F0071CE4A /* BaseTableViewCell.h */,
				427D06EB1A8A803F0071CE4A /* BaseTableViewCell.m */,
			);
			name = Index;
			sourceTree = "<group>";
		};
		429EEDCD1A45D79100E1E631 /* MJRefresh */ = {
			isa = PBXGroup;
			children = (
				429EEDCE1A45D79100E1E631 /* MJRefresh.bundle */,
				429EEDCF1A45D79100E1E631 /* MJRefresh.h */,
				429EEDD01A45D79100E1E631 /* MJRefreshBaseView.h */,
				429EEDD11A45D79100E1E631 /* MJRefreshBaseView.m */,
				429EEDD21A45D79100E1E631 /* MJRefreshConst.h */,
				429EEDD31A45D79100E1E631 /* MJRefreshConst.m */,
				429EEDD41A45D79100E1E631 /* MJRefreshFooterView.h */,
				429EEDD51A45D79100E1E631 /* MJRefreshFooterView.m */,
				429EEDD61A45D79100E1E631 /* MJRefreshHeaderView.h */,
				429EEDD71A45D79100E1E631 /* MJRefreshHeaderView.m */,
			);
			path = MJRefresh;
			sourceTree = "<group>";
		};
		42B0637C1A754278002E5F41 /* libqrencode */ = {
			isa = PBXGroup;
			children = (
				42B0637D1A754278002E5F41 /* bitstream.c */,
				42B0637E1A754278002E5F41 /* bitstream.h */,
				42B0637F1A754278002E5F41 /* mask.c */,
				42B063801A754278002E5F41 /* mask.h */,
				42B063811A754278002E5F41 /* qrencode.c */,
				42B063821A754278002E5F41 /* qrencode.h */,
				42B063831A754278002E5F41 /* qrinput.c */,
				42B063841A754278002E5F41 /* qrinput.h */,
				42B063851A754278002E5F41 /* qrspec.c */,
				42B063861A754278002E5F41 /* qrspec.h */,
				42B063871A754278002E5F41 /* rscode.c */,
				42B063881A754278002E5F41 /* rscode.h */,
				42B063891A754278002E5F41 /* split.c */,
				42B0638A1A754278002E5F41 /* split.h */,
			);
			path = libqrencode;
			sourceTree = "<group>";
		};
		42EEC69F1A7E95BA00FE06D4 /* XBPickerViewController */ = {
			isa = PBXGroup;
			children = (
				42EEC6A01A7E95BA00FE06D4 /* XBPickerViewController.h */,
				42EEC6A11A7E95BA00FE06D4 /* XBPickerViewController.m */,
				42EEC6A21A7E95BA00FE06D4 /* XBPickerViewController.xib */,
			);
			path = XBPickerViewController;
			sourceTree = "<group>";
		};
		42EEC6A51A7E98D600FE06D4 /* Model */ = {
			isa = PBXGroup;
			children = (
				42EEC6A61A7EA26200FE06D4 /* HairStyleModel.h */,
				42EEC6A71A7EA26200FE06D4 /* HairStyleModel.m */,
				427D06E71A8A77880071CE4A /* HairStyleDao.h */,
				427D06E81A8A77880071CE4A /* HairStyleDao.m */,
			);
			path = Model;
			sourceTree = "<group>";
		};
		42EEC6A91A7EA3E500FE06D4 /* SQLitePersistentObjects */ = {
			isa = PBXGroup;
			children = (
				42EEC6AA1A7EA3E500FE06D4 /* NSData-SQLitePersistence.h */,
				42EEC6AB1A7EA3E500FE06D4 /* NSData-SQLitePersistence.m */,
				42EEC6AC1A7EA3E500FE06D4 /* NSDate-SQLitePersistence.h */,
				42EEC6AD1A7EA3E500FE06D4 /* NSDate-SQLitePersistence.m */,
				42EEC6AE1A7EA3E500FE06D4 /* NSMutableArray-MultipleSort.h */,
				42EEC6AF1A7EA3E500FE06D4 /* NSMutableArray-MultipleSort.m */,
				42EEC6B01A7EA3E500FE06D4 /* NSMutableData-SQLitePersistence.h */,
				42EEC6B11A7EA3E500FE06D4 /* NSMutableData-SQLitePersistence.m */,
				42EEC6B21A7EA3E500FE06D4 /* NSNumber-SQLitePersistence.h */,
				42EEC6B31A7EA3E500FE06D4 /* NSNumber-SQLitePersistence.m */,
				42EEC6B41A7EA3E500FE06D4 /* NSObject-ClassName.h */,
				42EEC6B51A7EA3E500FE06D4 /* NSObject-ClassName.m */,
				42EEC6B61A7EA3E500FE06D4 /* NSObject-MissingKV.h */,
				42EEC6B71A7EA3E500FE06D4 /* NSObject-MissingKV.m */,
				42EEC6B81A7EA3E500FE06D4 /* NSObject-SQLitePersistence.h */,
				42EEC6B91A7EA3E500FE06D4 /* NSObject-SQLitePersistence.m */,
				42EEC6BA1A7EA3E500FE06D4 /* NSString-NumberStuff.h */,
				42EEC6BB1A7EA3E500FE06D4 /* NSString-NumberStuff.m */,
				42EEC6BC1A7EA3E500FE06D4 /* NSString-SQLiteColumnName.h */,
				42EEC6BD1A7EA3E500FE06D4 /* NSString-SQLiteColumnName.m */,
				42EEC6BE1A7EA3E500FE06D4 /* NSString-SQLitePersistence.h */,
				42EEC6BF1A7EA3E500FE06D4 /* NSString-SQLitePersistence.m */,
				42EEC6C01A7EA3E500FE06D4 /* NSString-UppercaseFirst.h */,
				42EEC6C11A7EA3E500FE06D4 /* NSString-UppercaseFirst.m */,
				42EEC6C21A7EA3E500FE06D4 /* SQLiteInstanceManager.h */,
				42EEC6C31A7EA3E500FE06D4 /* SQLiteInstanceManager.m */,
				42EEC6C41A7EA3E500FE06D4 /* SQLitePersistentObject.h */,
				42EEC6C51A7EA3E500FE06D4 /* SQLitePersistentObject.m */,
				42EEC6C61A7EA3E500FE06D4 /* UIColor-SQLitePersistentObject.h */,
				42EEC6C71A7EA3E500FE06D4 /* UIColor-SQLitePersistentObject.m */,
				42EEC6C81A7EA3E500FE06D4 /* UIImage-SQLitePersistence.h */,
				42EEC6C91A7EA3E500FE06D4 /* UIImage-SQLitePersistence.m */,
			);
			path = SQLitePersistentObjects;
			sourceTree = "<group>";
		};
		6D7A0CD31A34B4C400B7E6D1 = {
			isa = PBXGroup;
			children = (
				6D7A0CDE1A34B4C400B7E6D1 /* Hair */,
				4236E5361A39F86800621B45 /* Frameworks */,
				6D7A0CF81A34B4C400B7E6D1 /* HairTests */,
				6D7A0CDD1A34B4C400B7E6D1 /* Products */,
			);
			sourceTree = "<group>";
		};
		6D7A0CDD1A34B4C400B7E6D1 /* Products */ = {
			isa = PBXGroup;
			children = (
				6D7A0CDC1A34B4C400B7E6D1 /* Hair.app */,
				6D7A0CF51A34B4C400B7E6D1 /* HairTests.xctest */,
			);
			name = Products;
			sourceTree = "<group>";
		};
		6D7A0CDE1A34B4C400B7E6D1 /* Hair */ = {
			isa = PBXGroup;
			children = (
				6D7A0CE31A34B4C400B7E6D1 /* AppDelegate.h */,
				6D7A0CE41A34B4C400B7E6D1 /* AppDelegate.m */,
				42EEC6A51A7E98D600FE06D4 /* Model */,
				4236E5461A39FD2F00621B45 /* Assistant&Helper */,
				4236E5421A39F9ED00621B45 /* Categorys */,
				4236E4B71A39F49200621B45 /* Network */,
				4236E4BE1A39F49200621B45 /* Thirdpart */,
				6D7A0D0A1A34B61400B7E6D1 /* Classes */,
				6D7A0CDF1A34B4C400B7E6D1 /* Supporting Files */,
			);
			path = Hair;
			sourceTree = "<group>";
		};
		6D7A0CDF1A34B4C400B7E6D1 /* Supporting Files */ = {
			isa = PBXGroup;
			children = (
				6D7A0CE91A34B4C400B7E6D1 /* Main.storyboard */,
				6D7A0CEC1A34B4C400B7E6D1 /* Images.xcassets */,
				6D7A0CEE1A34B4C400B7E6D1 /* LaunchScreen.xib */,
				6D7A0CE01A34B4C400B7E6D1 /* Info.plist */,
				6D7A0CE11A34B4C400B7E6D1 /* main.m */,
				4236E4C11A39F5DF00621B45 /* Hair-Prefix.pch */,
			);
			name = "Supporting Files";
			sourceTree = "<group>";
		};
		6D7A0CF81A34B4C400B7E6D1 /* HairTests */ = {
			isa = PBXGroup;
			children = (
				6D7A0CFB1A34B4C400B7E6D1 /* HairTests.m */,
				6D7A0CF91A34B4C400B7E6D1 /* Supporting Files */,
			);
			path = HairTests;
			sourceTree = "<group>";
		};
		6D7A0CF91A34B4C400B7E6D1 /* Supporting Files */ = {
			isa = PBXGroup;
			children = (
				6D7A0CFA1A34B4C400B7E6D1 /* Info.plist */,
			);
			name = "Supporting Files";
			sourceTree = "<group>";
		};
		6D7A0D0A1A34B61400B7E6D1 /* Classes */ = {
			isa = PBXGroup;
			children = (
				427D06E41A8A66E40071CE4A /* Index */,
				6DBC97301A49DDE000AA46B8 /* Experience */,
				6D7A0D0B1A34B61400B7E6D1 /* HairDetail */,
			);
			path = Classes;
			sourceTree = "<group>";
		};
		6D7A0D0B1A34B61400B7E6D1 /* HairDetail */ = {
			isa = PBXGroup;
			children = (
				6DBC971E1A47B1D000AA46B8 /* views */,
				6D7A0D0C1A34B62600B7E6D1 /* HairDetailViewController.h */,
				6D7A0D0D1A34B62600B7E6D1 /* HairDetailViewController.m */,
			);
			path = HairDetail;
			sourceTree = "<group>";
		};
		6DBC971E1A47B1D000AA46B8 /* views */ = {
			isa = PBXGroup;
			children = (
				6DBC971F1A47B1FE00AA46B8 /* HairDisplayView.h */,
				6DBC97201A47B1FE00AA46B8 /* HairDisplayView.m */,
			);
			path = views;
			sourceTree = "<group>";
		};
		6DBC97301A49DDE000AA46B8 /* Experience */ = {
			isa = PBXGroup;
			children = (
				6DBC97311A49DE0700AA46B8 /* ExperienceVC.h */,
				6DBC97321A49DE0700AA46B8 /* ExperienceVC.m */,
			);
			path = Experience;
			sourceTree = "<group>";
		};
/* End PBXGroup section */

/* Begin PBXNativeTarget section */
		6D7A0CDB1A34B4C400B7E6D1 /* Hair */ = {
			isa = PBXNativeTarget;
			buildConfigurationList = 6D7A0CFF1A34B4C400B7E6D1 /* Build configuration list for PBXNativeTarget "Hair" */;
			buildPhases = (
				6D7A0CD81A34B4C400B7E6D1 /* Sources */,
				6D7A0CD91A34B4C400B7E6D1 /* Frameworks */,
				6D7A0CDA1A34B4C400B7E6D1 /* Resources */,
			);
			buildRules = (
			);
			dependencies = (
			);
			name = Hair;
			productName = Hair;
			productReference = 6D7A0CDC1A34B4C400B7E6D1 /* Hair.app */;
			productType = "com.apple.product-type.application";
		};
		6D7A0CF41A34B4C400B7E6D1 /* HairTests */ = {
			isa = PBXNativeTarget;
			buildConfigurationList = 6D7A0D021A34B4C400B7E6D1 /* Build configuration list for PBXNativeTarget "HairTests" */;
			buildPhases = (
				6D7A0CF11A34B4C400B7E6D1 /* Sources */,
				6D7A0CF21A34B4C400B7E6D1 /* Frameworks */,
				6D7A0CF31A34B4C400B7E6D1 /* Resources */,
			);
			buildRules = (
			);
			dependencies = (
				6D7A0CF71A34B4C400B7E6D1 /* PBXTargetDependency */,
			);
			name = HairTests;
			productName = HairTests;
			productReference = 6D7A0CF51A34B4C400B7E6D1 /* HairTests.xctest */;
			productType = "com.apple.product-type.bundle.unit-test";
		};
/* End PBXNativeTarget section */

/* Begin PBXProject section */
		6D7A0CD41A34B4C400B7E6D1 /* Project object */ = {
			isa = PBXProject;
			attributes = {
				LastUpgradeCheck = 0610;
				ORGANIZATIONNAME = zhphy;
				TargetAttributes = {
					6D7A0CDB1A34B4C400B7E6D1 = {
						CreatedOnToolsVersion = 6.1;
						DevelopmentTeam = G4NS45RA39;
					};
					6D7A0CF41A34B4C400B7E6D1 = {
						CreatedOnToolsVersion = 6.1;
						DevelopmentTeam = 23XAEGTZC2;
						TestTargetID = 6D7A0CDB1A34B4C400B7E6D1;
					};
				};
			};
			buildConfigurationList = 6D7A0CD71A34B4C400B7E6D1 /* Build configuration list for PBXProject "Hair" */;
			compatibilityVersion = "Xcode 3.2";
			developmentRegion = English;
			hasScannedForEncodings = 0;
			knownRegions = (
				en,
				Base,
			);
			mainGroup = 6D7A0CD31A34B4C400B7E6D1;
			productRefGroup = 6D7A0CDD1A34B4C400B7E6D1 /* Products */;
			projectDirPath = "";
			projectRoot = "";
			targets = (
				6D7A0CDB1A34B4C400B7E6D1 /* Hair */,
				6D7A0CF41A34B4C400B7E6D1 /* HairTests */,
			);
		};
/* End PBXProject section */

/* Begin PBXResourcesBuildPhase section */
		6D7A0CDA1A34B4C400B7E6D1 /* Resources */ = {
			isa = PBXResourcesBuildPhase;
			buildActionMask = 2147483647;
			files = (
				4236E50E1A39F71200621B45 /* action-gray-button@2x.png in Resources */,
				4236E5101A39F71200621B45 /* action-red-button-selected@2x.png in Resources */,
				4236E51B1A39F71200621B45 /* alert-window-landscape.png in Resources */,
				4236E5071A39F71200621B45 /* action-black-button-selected.png in Resources */,
				4236E50C1A39F71200621B45 /* action-gray-button-selected@2x.png in Resources */,
				4236E50A1A39F71200621B45 /* action-black-button@2x.png in Resources */,
				4236E5171A39F71200621B45 /* alert-gray-button.png in Resources */,
				4236E5201A39F71200621B45 /* alertViewClose@2x.png in Resources */,
				6D7A0CEB1A34B4C400B7E6D1 /* Main.storyboard in Resources */,
				4236E5081A39F71200621B45 /* action-black-button-selected@2x.png in Resources */,
				4236E5181A39F71200621B45 /* alert-gray-button@2x.png in Resources */,
				4236E51A1A39F71200621B45 /* alert-red-button@2x.png in Resources */,
				4236E50F1A39F71200621B45 /* action-red-button-selected.png in Resources */,
				4236E5191A39F71200621B45 /* alert-red-button.png in Resources */,
				429EEDD81A45D79100E1E631 /* MJRefresh.bundle in Resources */,
				4236E5121A39F71200621B45 /* action-red-button@2x.png in Resources */,
				4236E51D1A39F71200621B45 /* alert-window.png in Resources */,
				4236E51F1A39F71200621B45 /* alert_window_jingwei@2x.png in Resources */,
				4236E5141A39F71200621B45 /* action-sheet-panel@2x.png in Resources */,
				4236E5091A39F71200621B45 /* action-black-button.png in Resources */,
				4236E51C1A39F71200621B45 /* alert-window-landscape@2x.png in Resources */,
				4236E5131A39F71200621B45 /* action-sheet-panel.png in Resources */,
				4236E5161A39F71200621B45 /* alert-black-button@2x.png in Resources */,
				4236E5151A39F71200621B45 /* alert-black-button.png in Resources */,
				42EEC6A41A7E95BA00FE06D4 /* XBPickerViewController.xib in Resources */,
				4236E5111A39F71200621B45 /* action-red-button.png in Resources */,
				4236E50D1A39F71200621B45 /* action-gray-button.png in Resources */,
				4236E51E1A39F71200621B45 /* alert-window@2x.png in Resources */,
				6D7A0CF01A34B4C400B7E6D1 /* LaunchScreen.xib in Resources */,
				6D7A0CED1A34B4C400B7E6D1 /* Images.xcassets in Resources */,
				4236E50B1A39F71200621B45 /* action-gray-button-selected.png in Resources */,
			);
			runOnlyForDeploymentPostprocessing = 0;
		};
		6D7A0CF31A34B4C400B7E6D1 /* Resources */ = {
			isa = PBXResourcesBuildPhase;
			buildActionMask = 2147483647;
			files = (
			);
			runOnlyForDeploymentPostprocessing = 0;
		};
/* End PBXResourcesBuildPhase section */

/* Begin PBXSourcesBuildPhase section */
		6D7A0CD81A34B4C400B7E6D1 /* Sources */ = {
			isa = PBXSourcesBuildPhase;
			buildActionMask = 2147483647;
			files = (
				42B063911A754278002E5F41 /* split.c in Sources */,
				6D7A0CE81A34B4C400B7E6D1 /* ViewController.m in Sources */,
				42EEC6D61A7EA3E500FE06D4 /* SQLiteInstanceManager.m in Sources */,
				4236E5281A39F71200621B45 /* NSDictionary+RequestEncoding.m in Sources */,
				6DBC97331A49DE0700AA46B8 /* ExperienceVC.m in Sources */,
				42EEC6CB1A7EA3E500FE06D4 /* NSDate-SQLitePersistence.m in Sources */,
				4236E5271A39F71200621B45 /* NSDate+RFC1123.m in Sources */,
				42B0638F1A754278002E5F41 /* qrspec.c in Sources */,
				4236E5291A39F71200621B45 /* NSString+MKNetworkKitAdditions.m in Sources */,
				6D7A0CE51A34B4C400B7E6D1 /* AppDelegate.m in Sources */,
				429EEDDA1A45D79100E1E631 /* MJRefreshConst.m in Sources */,
				42B0638D1A754278002E5F41 /* qrencode.c in Sources */,
				6D7A0CE21A34B4C400B7E6D1 /* main.m in Sources */,
				42EEC6CA1A7EA3E500FE06D4 /* NSData-SQLitePersistence.m in Sources */,
				429EEDD91A45D79100E1E631 /* MJRefreshBaseView.m in Sources */,
				4236E4BF1A39F49200621B45 /* BaseNetworkEngine.m in Sources */,
				42EEC6CE1A7EA3E500FE06D4 /* NSNumber-SQLitePersistence.m in Sources */,
				42EEC6CD1A7EA3E500FE06D4 /* NSMutableData-SQLitePersistence.m in Sources */,
				4236E5231A39F71200621B45 /* MBProgressHUD+Add.m in Sources */,
				42EEC6DC1A7EA44200FE06D4 /* NSDictionary+Ext.m in Sources */,
				4236E5211A39F71200621B45 /* BlockAlertView.m in Sources */,
				42EEC6D81A7EA3E500FE06D4 /* UIColor-SQLitePersistentObject.m in Sources */,
				429EEDDC1A45D79100E1E631 /* MJRefreshHeaderView.m in Sources */,
				4236E52D1A39F71200621B45 /* MKNetworkOperation.m in Sources */,
				427D06EC1A8A803F0071CE4A /* BaseTableViewCell.m in Sources */,
				6DE30DD81A457866005FC6EE /* PhotoViewCell.m in Sources */,
				42B0638C1A754278002E5F41 /* mask.c in Sources */,
				42B063781A752A1D002E5F41 /* T8KeychainHelper.m in Sources */,
				6D7A0D0E1A34B62600B7E6D1 /* HairDetailViewController.m in Sources */,
				4236E5251A39F71200621B45 /* NSAlert+MKNetworkKitAdditions.m in Sources */,
				4236E52F1A39F71200621B45 /* Toast+UIView.m in Sources */,
				4236E52A1A39F71200621B45 /* UIAlertView+MKNetworkKitAdditions.m in Sources */,
				42EEC6D41A7EA3E500FE06D4 /* NSString-SQLitePersistence.m in Sources */,
				4236E54C1A39FD7A00621B45 /* YQGlobalHelper.m in Sources */,
				6DBC97211A47B1FE00AA46B8 /* HairDisplayView.m in Sources */,
				42EEC6D31A7EA3E500FE06D4 /* NSString-SQLiteColumnName.m in Sources */,
				42EEC6D71A7EA3E500FE06D4 /* SQLitePersistentObject.m in Sources */,
				4236E5451A39FA3300621B45 /* UIViewAdditions.m in Sources */,
				4236E5241A39F71200621B45 /* MBProgressHUD.m in Sources */,
				429EEDDB1A45D79100E1E631 /* MJRefreshFooterView.m in Sources */,
				4236E5491A39FD5700621B45 /* YQMessageHelper.m in Sources */,
				4236E4C01A39F49200621B45 /* NetService.m in Sources */,
				42EEC6D11A7EA3E500FE06D4 /* NSObject-SQLitePersistence.m in Sources */,
				4236E5221A39F71200621B45 /* BlockBackground.m in Sources */,
				4236E52E1A39F71200621B45 /* MKReachability.m in Sources */,
				42B0638E1A754278002E5F41 /* qrinput.c in Sources */,
				42EEC6D51A7EA3E500FE06D4 /* NSString-UppercaseFirst.m in Sources */,
				42EEC6CC1A7EA3E500FE06D4 /* NSMutableArray-MultipleSort.m in Sources */,
				42B063901A754278002E5F41 /* rscode.c in Sources */,
				42B063941A75428C002E5F41 /* QRCodeGenerator.m in Sources */,
				42EEC6A31A7E95BA00FE06D4 /* XBPickerViewController.m in Sources */,
				4236E52B1A39F71200621B45 /* UIImageView+MKNetworkKitAdditions.m in Sources */,
				42EEC6D21A7EA3E500FE06D4 /* NSString-NumberStuff.m in Sources */,
				427D06E91A8A77880071CE4A /* HairStyleDao.m in Sources */,
				42EEC6D91A7EA3E500FE06D4 /* UIImage-SQLitePersistence.m in Sources */,
				42EEC6CF1A7EA3E500FE06D4 /* NSObject-ClassName.m in Sources */,
				42B063751A7528D1002E5F41 /* HairService.m in Sources */,
				42B0638B1A754278002E5F41 /* bitstream.c in Sources */,
				4236E52C1A39F71200621B45 /* MKNetworkEngine.m in Sources */,
				42EEC6A81A7EA26200FE06D4 /* HairStyleModel.m in Sources */,
				4236E5261A39F71200621B45 /* NSData+MKBase64.m in Sources */,
				42B0637B1A75394A002E5F41 /* T8SandboxHelper.m in Sources */,
				42EEC6D01A7EA3E500FE06D4 /* NSObject-MissingKV.m in Sources */,
			);
			runOnlyForDeploymentPostprocessing = 0;
		};
		6D7A0CF11A34B4C400B7E6D1 /* Sources */ = {
			isa = PBXSourcesBuildPhase;
			buildActionMask = 2147483647;
			files = (
				6D7A0CFC1A34B4C400B7E6D1 /* HairTests.m in Sources */,
			);
			runOnlyForDeploymentPostprocessing = 0;
		};
/* End PBXSourcesBuildPhase section */

/* Begin PBXTargetDependency section */
		6D7A0CF71A34B4C400B7E6D1 /* PBXTargetDependency */ = {
			isa = PBXTargetDependency;
			target = 6D7A0CDB1A34B4C400B7E6D1 /* Hair */;
			targetProxy = 6D7A0CF61A34B4C400B7E6D1 /* PBXContainerItemProxy */;
		};
/* End PBXTargetDependency section */

/* Begin PBXVariantGroup section */
		6D7A0CE91A34B4C400B7E6D1 /* Main.storyboard */ = {
			isa = PBXVariantGroup;
			children = (
				6D7A0CEA1A34B4C400B7E6D1 /* Base */,
				42A4DDB11A49DA5400162177 /* zh-Hans */,
			);
			name = Main.storyboard;
			sourceTree = "<group>";
		};
		6D7A0CEE1A34B4C400B7E6D1 /* LaunchScreen.xib */ = {
			isa = PBXVariantGroup;
			children = (
				6D7A0CEF1A34B4C400B7E6D1 /* Base */,
				42A4DDB21A49DA5400162177 /* zh-Hans */,
			);
			name = LaunchScreen.xib;
			sourceTree = "<group>";
		};
/* End PBXVariantGroup section */

/* Begin XCBuildConfiguration section */
		6D7A0CFD1A34B4C400B7E6D1 /* Debug */ = {
			isa = XCBuildConfiguration;
			buildSettings = {
				ALWAYS_SEARCH_USER_PATHS = NO;
				CLANG_CXX_LANGUAGE_STANDARD = "gnu++0x";
				CLANG_CXX_LIBRARY = "libc++";
				CLANG_ENABLE_MODULES = YES;
				CLANG_ENABLE_OBJC_ARC = YES;
				CLANG_WARN_BOOL_CONVERSION = YES;
				CLANG_WARN_CONSTANT_CONVERSION = YES;
				CLANG_WARN_DIRECT_OBJC_ISA_USAGE = YES_ERROR;
				CLANG_WARN_EMPTY_BODY = YES;
				CLANG_WARN_ENUM_CONVERSION = YES;
				CLANG_WARN_INT_CONVERSION = YES;
				CLANG_WARN_OBJC_ROOT_CLASS = YES_ERROR;
				CLANG_WARN_UNREACHABLE_CODE = YES;
				CLANG_WARN__DUPLICATE_METHOD_MATCH = YES;
				CODE_SIGN_IDENTITY = "iPhone Developer: zhou yujuan (84H4R6GXZ4)";
				"CODE_SIGN_IDENTITY[sdk=iphoneos*]" = "iPhone Developer: zhou yujuan (84H4R6GXZ4)";
				COPY_PHASE_STRIP = NO;
				ENABLE_STRICT_OBJC_MSGSEND = YES;
				GCC_C_LANGUAGE_STANDARD = gnu99;
				GCC_DYNAMIC_NO_PIC = NO;
				GCC_OPTIMIZATION_LEVEL = 0;
				GCC_PREPROCESSOR_DEFINITIONS = (
					"DEBUG=1",
					"$(inherited)",
				);
				GCC_SYMBOLS_PRIVATE_EXTERN = NO;
				GCC_WARN_64_TO_32_BIT_CONVERSION = YES;
				GCC_WARN_ABOUT_RETURN_TYPE = YES_ERROR;
				GCC_WARN_UNDECLARED_SELECTOR = YES;
				GCC_WARN_UNINITIALIZED_AUTOS = YES_AGGRESSIVE;
				GCC_WARN_UNUSED_FUNCTION = YES;
				GCC_WARN_UNUSED_VARIABLE = YES;
				IPHONEOS_DEPLOYMENT_TARGET = 8.1;
				MTL_ENABLE_DEBUG_INFO = YES;
				ONLY_ACTIVE_ARCH = YES;
				PROVISIONING_PROFILE = "f1de7bd3-5e33-4243-9e33-a7faa512b60c";
				SDKROOT = iphoneos;
				TARGETED_DEVICE_FAMILY = "1,2";
			};
			name = Debug;
		};
		6D7A0CFE1A34B4C400B7E6D1 /* Release */ = {
			isa = XCBuildConfiguration;
			buildSettings = {
				ALWAYS_SEARCH_USER_PATHS = NO;
				CLANG_CXX_LANGUAGE_STANDARD = "gnu++0x";
				CLANG_CXX_LIBRARY = "libc++";
				CLANG_ENABLE_MODULES = YES;
				CLANG_ENABLE_OBJC_ARC = YES;
				CLANG_WARN_BOOL_CONVERSION = YES;
				CLANG_WARN_CONSTANT_CONVERSION = YES;
				CLANG_WARN_DIRECT_OBJC_ISA_USAGE = YES_ERROR;
				CLANG_WARN_EMPTY_BODY = YES;
				CLANG_WARN_ENUM_CONVERSION = YES;
				CLANG_WARN_INT_CONVERSION = YES;
				CLANG_WARN_OBJC_ROOT_CLASS = YES_ERROR;
				CLANG_WARN_UNREACHABLE_CODE = YES;
				CLANG_WARN__DUPLICATE_METHOD_MATCH = YES;
				CODE_SIGN_IDENTITY = "iPhone Developer: zhou yujuan (84H4R6GXZ4)";
				"CODE_SIGN_IDENTITY[sdk=iphoneos*]" = "iPhone Developer: zhou yujuan (84H4R6GXZ4)";
				COPY_PHASE_STRIP = YES;
				ENABLE_NS_ASSERTIONS = NO;
				ENABLE_STRICT_OBJC_MSGSEND = YES;
				GCC_C_LANGUAGE_STANDARD = gnu99;
				GCC_WARN_64_TO_32_BIT_CONVERSION = YES;
				GCC_WARN_ABOUT_RETURN_TYPE = YES_ERROR;
				GCC_WARN_UNDECLARED_SELECTOR = YES;
				GCC_WARN_UNINITIALIZED_AUTOS = YES_AGGRESSIVE;
				GCC_WARN_UNUSED_FUNCTION = YES;
				GCC_WARN_UNUSED_VARIABLE = YES;
				IPHONEOS_DEPLOYMENT_TARGET = 8.1;
				MTL_ENABLE_DEBUG_INFO = NO;
				PROVISIONING_PROFILE = "f1de7bd3-5e33-4243-9e33-a7faa512b60c";
				SDKROOT = iphoneos;
				TARGETED_DEVICE_FAMILY = "1,2";
				VALIDATE_PRODUCT = YES;
			};
			name = Release;
		};
		6D7A0D001A34B4C400B7E6D1 /* Debug */ = {
			isa = XCBuildConfiguration;
			buildSettings = {
				ASSETCATALOG_COMPILER_APPICON_NAME = AppIcon;
				ASSETCATALOG_COMPILER_LAUNCHIMAGE_NAME = LaunchImage;
				CODE_SIGN_IDENTITY = "iPhone Developer";
				"CODE_SIGN_IDENTITY[sdk=iphoneos*]" = "iPhone Developer";
				GCC_PRECOMPILE_PREFIX_HEADER = YES;
				GCC_PREFIX_HEADER = "$(SRCROOT)/Hair/Hair-Prefix.pch";
				INFOPLIST_FILE = Hair/Info.plist;
				IPHONEOS_DEPLOYMENT_TARGET = 6.0;
				LD_RUNPATH_SEARCH_PATHS = "$(inherited) @executable_path/Frameworks";
				PRODUCT_NAME = "$(TARGET_NAME)";
				PROVISIONING_PROFILE = "";
				TARGETED_DEVICE_FAMILY = "1,2";
			};
			name = Debug;
		};
		6D7A0D011A34B4C400B7E6D1 /* Release */ = {
			isa = XCBuildConfiguration;
			buildSettings = {
				ASSETCATALOG_COMPILER_APPICON_NAME = AppIcon;
				ASSETCATALOG_COMPILER_LAUNCHIMAGE_NAME = LaunchImage;
				CODE_SIGN_IDENTITY = "iPhone Developer";
				"CODE_SIGN_IDENTITY[sdk=iphoneos*]" = "iPhone Developer";
				GCC_PRECOMPILE_PREFIX_HEADER = YES;
				GCC_PREFIX_HEADER = "$(SRCROOT)/Hair/Hair-Prefix.pch";
				INFOPLIST_FILE = Hair/Info.plist;
				IPHONEOS_DEPLOYMENT_TARGET = 6.0;
				LD_RUNPATH_SEARCH_PATHS = "$(inherited) @executable_path/Frameworks";
				PRODUCT_NAME = "$(TARGET_NAME)";
				PROVISIONING_PROFILE = "";
				TARGETED_DEVICE_FAMILY = "1,2";
			};
			name = Release;
		};
		6D7A0D031A34B4C400B7E6D1 /* Debug */ = {
			isa = XCBuildConfiguration;
			buildSettings = {
				BUNDLE_LOADER = "$(TEST_HOST)";
				CODE_SIGN_IDENTITY = "iPhone Developer";
				"CODE_SIGN_IDENTITY[sdk=iphoneos*]" = "iPhone Developer";
				FRAMEWORK_SEARCH_PATHS = (
					"$(SDKROOT)/Developer/Library/Frameworks",
					"$(inherited)",
				);
				GCC_PREPROCESSOR_DEFINITIONS = (
					"DEBUG=1",
					"$(inherited)",
				);
				INFOPLIST_FILE = HairTests/Info.plist;
				LD_RUNPATH_SEARCH_PATHS = "$(inherited) @executable_path/Frameworks @loader_path/Frameworks";
				PRODUCT_NAME = "$(TARGET_NAME)";
				PROVISIONING_PROFILE = "";
				TEST_HOST = "$(BUILT_PRODUCTS_DIR)/Hair.app/Hair";
			};
			name = Debug;
		};
		6D7A0D041A34B4C400B7E6D1 /* Release */ = {
			isa = XCBuildConfiguration;
			buildSettings = {
				BUNDLE_LOADER = "$(TEST_HOST)";
				CODE_SIGN_IDENTITY = "iPhone Developer";
				"CODE_SIGN_IDENTITY[sdk=iphoneos*]" = "iPhone Developer";
				FRAMEWORK_SEARCH_PATHS = (
					"$(SDKROOT)/Developer/Library/Frameworks",
					"$(inherited)",
				);
				INFOPLIST_FILE = HairTests/Info.plist;
				LD_RUNPATH_SEARCH_PATHS = "$(inherited) @executable_path/Frameworks @loader_path/Frameworks";
				PRODUCT_NAME = "$(TARGET_NAME)";
				PROVISIONING_PROFILE = "";
				TEST_HOST = "$(BUILT_PRODUCTS_DIR)/Hair.app/Hair";
			};
			name = Release;
		};
/* End XCBuildConfiguration section */

/* Begin XCConfigurationList section */
		6D7A0CD71A34B4C400B7E6D1 /* Build configuration list for PBXProject "Hair" */ = {
			isa = XCConfigurationList;
			buildConfigurations = (
				6D7A0CFD1A34B4C400B7E6D1 /* Debug */,
				6D7A0CFE1A34B4C400B7E6D1 /* Release */,
			);
			defaultConfigurationIsVisible = 0;
			defaultConfigurationName = Release;
		};
		6D7A0CFF1A34B4C400B7E6D1 /* Build configuration list for PBXNativeTarget "Hair" */ = {
			isa = XCConfigurationList;
			buildConfigurations = (
				6D7A0D001A34B4C400B7E6D1 /* Debug */,
				6D7A0D011A34B4C400B7E6D1 /* Release */,
			);
			defaultConfigurationIsVisible = 0;
			defaultConfigurationName = Release;
		};
		6D7A0D021A34B4C400B7E6D1 /* Build configuration list for PBXNativeTarget "HairTests" */ = {
			isa = XCConfigurationList;
			buildConfigurations = (
				6D7A0D031A34B4C400B7E6D1 /* Debug */,
				6D7A0D041A34B4C400B7E6D1 /* Release */,
			);
			defaultConfigurationIsVisible = 0;
			defaultConfigurationName = Release;
		};
/* End XCConfigurationList section */
	};
	rootObject = 6D7A0CD41A34B4C400B7E6D1 /* Project object */;
}
