// !$*UTF8*$!
{
	archiveVersion = 1;
	classes = {
	};
	objectVersion = 46;
	objects = {

/* Begin PBXBuildFile section */
		6D7A0CE21A34B4C400B7E6D1 /* main.m in Sources */ = {isa = PBXBuildFile; fileRef = 6D7A0CE11A34B4C400B7E6D1 /* main.m */; };
		6D7A0CE51A34B4C400B7E6D1 /* AppDelegate.m in Sources */ = {isa = PBXBuildFile; fileRef = 6D7A0CE41A34B4C400B7E6D1 /* AppDelegate.m */; };
		6D7A0CE81A34B4C400B7E6D1 /* ViewController.m in Sources */ = {isa = PBXBuildFile; fileRef = 6D7A0CE71A34B4C400B7E6D1 /* ViewController.m */; };
		6D7A0CEB1A34B4C400B7E6D1 /* Main.storyboard in Resources */ = {isa = PBXBuildFile; fileRef = 6D7A0CE91A34B4C400B7E6D1 /* Main.storyboard */; };
		6D7A0CED1A34B4C400B7E6D1 /* Images.xcassets in Resources */ = {isa = PBXBuildFile; fileRef = 6D7A0CEC1A34B4C400B7E6D1 /* Images.xcassets */; };
		6D7A0CF01A34B4C400B7E6D1 /* LaunchScreen.xib in Resources */ = {isa = PBXBuildFile; fileRef = 6D7A0CEE1A34B4C400B7E6D1 /* LaunchScreen.xib */; };
		6D7A0CFC1A34B4C400B7E6D1 /* HairTests.m in Sources */ = {isa = PBXBuildFile; fileRef = 6D7A0CFB1A34B4C400B7E6D1 /* HairTests.m */; };
		6D7A0D0E1A34B62600B7E6D1 /* HairDetailViewController.m in Sources */ = {isa = PBXBuildFile; fileRef = 6D7A0D0D1A34B62600B7E6D1 /* HairDetailViewController.m */; };
/* End PBXBuildFile section */

/* Begin PBXContainerItemProxy section */
		6D7A0CF61A34B4C400B7E6D1 /* PBXContainerItemProxy */ = {
			isa = PBXContainerItemProxy;
			containerPortal = 6D7A0CD41A34B4C400B7E6D1 /* Project object */;
			proxyType = 1;
			remoteGlobalIDString = 6D7A0CDB1A34B4C400B7E6D1;
			remoteInfo = Hair;
		};
/* End PBXContainerItemProxy section */

/* Begin PBXFileReference section */
		6D7A0CDC1A34B4C400B7E6D1 /* Hair.app */ = {isa = PBXFileReference; explicitFileType = wrapper.application; includeInIndex = 0; path = Hair.app; sourceTree = BUILT_PRODUCTS_DIR; };
		6D7A0CE01A34B4C400B7E6D1 /* Info.plist */ = {isa = PBXFileReference; lastKnownFileType = text.plist.xml; path = Info.plist; sourceTree = "<group>"; };
		6D7A0CE11A34B4C400B7E6D1 /* main.m */ = {isa = PBXFileReference; lastKnownFileType = sourcecode.c.objc; path = main.m; sourceTree = "<group>"; };
		6D7A0CE31A34B4C400B7E6D1 /* AppDelegate.h */ = {isa = PBXFileReference; lastKnownFileType = sourcecode.c.h; path = AppDelegate.h; sourceTree = "<group>"; };
		6D7A0CE41A34B4C400B7E6D1 /* AppDelegate.m */ = {isa = PBXFileReference; lastKnownFileType = sourcecode.c.objc; path = AppDelegate.m; sourceTree = "<group>"; };
		6D7A0CE61A34B4C400B7E6D1 /* ViewController.h */ = {isa = PBXFileReference; lastKnownFileType = sourcecode.c.h; path = ViewController.h; sourceTree = "<group>"; };
		6D7A0CE71A34B4C400B7E6D1 /* ViewController.m */ = {isa = PBXFileReference; lastKnownFileType = sourcecode.c.objc; path = ViewController.m; sourceTree = "<group>"; };
		6D7A0CEA1A34B4C400B7E6D1 /* Base */ = {isa = PBXFileReference; lastKnownFileType = file.storyboard; name = Base; path = Base.lproj/Main.storyboard; sourceTree = "<group>"; };
		6D7A0CEC1A34B4C400B7E6D1 /* Images.xcassets */ = {isa = PBXFileReference; lastKnownFileType = folder.assetcatalog; path = Images.xcassets; sourceTree = "<group>"; };
		6D7A0CEF1A34B4C400B7E6D1 /* Base */ = {isa = PBXFileReference; lastKnownFileType = file.xib; name = Base; path = Base.lproj/LaunchScreen.xib; sourceTree = "<group>"; };
		6D7A0CF51A34B4C400B7E6D1 /* HairTests.xctest */ = {isa = PBXFileReference; explicitFileType = wrapper.cfbundle; includeInIndex = 0; path = HairTests.xctest; sourceTree = BUILT_PRODUCTS_DIR; };
		6D7A0CFA1A34B4C400B7E6D1 /* Info.plist */ = {isa = PBXFileReference; lastKnownFileType = text.plist.xml; path = Info.plist; sourceTree = "<group>"; };
		6D7A0CFB1A34B4C400B7E6D1 /* HairTests.m */ = {isa = PBXFileReference; lastKnownFileType = sourcecode.c.objc; path = HairTests.m; sourceTree = "<group>"; };
		6D7A0D0C1A34B62600B7E6D1 /* HairDetailViewController.h */ = {isa = PBXFileReference; fileEncoding = 4; lastKnownFileType = sourcecode.c.h; path = HairDetailViewController.h; sourceTree = "<group>"; };
		6D7A0D0D1A34B62600B7E6D1 /* HairDetailViewController.m */ = {isa = PBXFileReference; fileEncoding = 4; lastKnownFileType = sourcecode.c.objc; path = HairDetailViewController.m; sourceTree = "<group>"; };
/* End PBXFileReference section */

/* Begin PBXFrameworksBuildPhase section */
		6D7A0CD91A34B4C400B7E6D1 /* Frameworks */ = {
			isa = PBXFrameworksBuildPhase;
			buildActionMask = 2147483647;
			files = (
			);
			runOnlyForDeploymentPostprocessing = 0;
		};
		6D7A0CF21A34B4C400B7E6D1 /* Frameworks */ = {
			isa = PBXFrameworksBuildPhase;
			buildActionMask = 2147483647;
			files = (
			);
			runOnlyForDeploymentPostprocessing = 0;
		};
/* End PBXFrameworksBuildPhase section */

/* Begin PBXGroup section */
		6D7A0CD31A34B4C400B7E6D1 = {
			isa = PBXGroup;
			children = (
				6D7A0CDE1A34B4C400B7E6D1 /* Hair */,
				6D7A0CF81A34B4C400B7E6D1 /* HairTests */,
				6D7A0CDD1A34B4C400B7E6D1 /* Products */,
			);
			sourceTree = "<group>";
		};
		6D7A0CDD1A34B4C400B7E6D1 /* Products */ = {
			isa = PBXGroup;
			children = (
				6D7A0CDC1A34B4C400B7E6D1 /* Hair.app */,
				6D7A0CF51A34B4C400B7E6D1 /* HairTests.xctest */,
			);
			name = Products;
			sourceTree = "<group>";
		};
		6D7A0CDE1A34B4C400B7E6D1 /* Hair */ = {
			isa = PBXGroup;
			children = (
				6D7A0CE31A34B4C400B7E6D1 /* AppDelegate.h */,
				6D7A0CE41A34B4C400B7E6D1 /* AppDelegate.m */,
				6D7A0CE61A34B4C400B7E6D1 /* ViewController.h */,
				6D7A0CE71A34B4C400B7E6D1 /* ViewController.m */,
				6D7A0CE91A34B4C400B7E6D1 /* Main.storyboard */,
				6D7A0CEC1A34B4C400B7E6D1 /* Images.xcassets */,
				6D7A0CEE1A34B4C400B7E6D1 /* LaunchScreen.xib */,
				6D7A0D0A1A34B61400B7E6D1 /* Classes */,
				6D7A0CDF1A34B4C400B7E6D1 /* Supporting Files */,
			);
			path = Hair;
			sourceTree = "<group>";
		};
		6D7A0CDF1A34B4C400B7E6D1 /* Supporting Files */ = {
			isa = PBXGroup;
			children = (
				6D7A0CE01A34B4C400B7E6D1 /* Info.plist */,
				6D7A0CE11A34B4C400B7E6D1 /* main.m */,
			);
			name = "Supporting Files";
			sourceTree = "<group>";
		};
		6D7A0CF81A34B4C400B7E6D1 /* HairTests */ = {
			isa = PBXGroup;
			children = (
				6D7A0CFB1A34B4C400B7E6D1 /* HairTests.m */,
				6D7A0CF91A34B4C400B7E6D1 /* Supporting Files */,
			);
			path = HairTests;
			sourceTree = "<group>";
		};
		6D7A0CF91A34B4C400B7E6D1 /* Supporting Files */ = {
			isa = PBXGroup;
			children = (
				6D7A0CFA1A34B4C400B7E6D1 /* Info.plist */,
			);
			name = "Supporting Files";
			sourceTree = "<group>";
		};
		6D7A0D0A1A34B61400B7E6D1 /* Classes */ = {
			isa = PBXGroup;
			children = (
				6D7A0D0B1A34B61400B7E6D1 /* HairDetail */,
			);
			path = Classes;
			sourceTree = "<group>";
		};
		6D7A0D0B1A34B61400B7E6D1 /* HairDetail */ = {
			isa = PBXGroup;
			children = (
				6D7A0D0C1A34B62600B7E6D1 /* HairDetailViewController.h */,
				6D7A0D0D1A34B62600B7E6D1 /* HairDetailViewController.m */,
			);
			path = HairDetail;
			sourceTree = "<group>";
		};
/* End PBXGroup section */

/* Begin PBXNativeTarget section */
		6D7A0CDB1A34B4C400B7E6D1 /* Hair */ = {
			isa = PBXNativeTarget;
			buildConfigurationList = 6D7A0CFF1A34B4C400B7E6D1 /* Build configuration list for PBXNativeTarget "Hair" */;
			buildPhases = (
				6D7A0CD81A34B4C400B7E6D1 /* Sources */,
				6D7A0CD91A34B4C400B7E6D1 /* Frameworks */,
				6D7A0CDA1A34B4C400B7E6D1 /* Resources */,
			);
			buildRules = (
			);
			dependencies = (
			);
			name = Hair;
			productName = Hair;
			productReference = 6D7A0CDC1A34B4C400B7E6D1 /* Hair.app */;
			productType = "com.apple.product-type.application";
		};
		6D7A0CF41A34B4C400B7E6D1 /* HairTests */ = {
			isa = PBXNativeTarget;
			buildConfigurationList = 6D7A0D021A34B4C400B7E6D1 /* Build configuration list for PBXNativeTarget "HairTests" */;
			buildPhases = (
				6D7A0CF11A34B4C400B7E6D1 /* Sources */,
				6D7A0CF21A34B4C400B7E6D1 /* Frameworks */,
				6D7A0CF31A34B4C400B7E6D1 /* Resources */,
			);
			buildRules = (
			);
			dependencies = (
				6D7A0CF71A34B4C400B7E6D1 /* PBXTargetDependency */,
			);
			name = HairTests;
			productName = HairTests;
			productReference = 6D7A0CF51A34B4C400B7E6D1 /* HairTests.xctest */;
			productType = "com.apple.product-type.bundle.unit-test";
		};
/* End PBXNativeTarget section */

/* Begin PBXProject section */
		6D7A0CD41A34B4C400B7E6D1 /* Project object */ = {
			isa = PBXProject;
			attributes = {
				LastUpgradeCheck = 0610;
				ORGANIZATIONNAME = zhphy;
				TargetAttributes = {
					6D7A0CDB1A34B4C400B7E6D1 = {
						CreatedOnToolsVersion = 6.1;
					};
					6D7A0CF41A34B4C400B7E6D1 = {
						CreatedOnToolsVersion = 6.1;
						TestTargetID = 6D7A0CDB1A34B4C400B7E6D1;
					};
				};
			};
			buildConfigurationList = 6D7A0CD71A34B4C400B7E6D1 /* Build configuration list for PBXProject "Hair" */;
			compatibilityVersion = "Xcode 3.2";
			developmentRegion = English;
			hasScannedForEncodings = 0;
			knownRegions = (
				en,
				Base,
			);
			mainGroup = 6D7A0CD31A34B4C400B7E6D1;
			productRefGroup = 6D7A0CDD1A34B4C400B7E6D1 /* Products */;
			projectDirPath = "";
			projectRoot = "";
			targets = (
				6D7A0CDB1A34B4C400B7E6D1 /* Hair */,
				6D7A0CF41A34B4C400B7E6D1 /* HairTests */,
			);
		};
/* End PBXProject section */

/* Begin PBXResourcesBuildPhase section */
		6D7A0CDA1A34B4C400B7E6D1 /* Resources */ = {
			isa = PBXResourcesBuildPhase;
			buildActionMask = 2147483647;
			files = (
				6D7A0CEB1A34B4C400B7E6D1 /* Main.storyboard in Resources */,
				6D7A0CF01A34B4C400B7E6D1 /* LaunchScreen.xib in Resources */,
				6D7A0CED1A34B4C400B7E6D1 /* Images.xcassets in Resources */,
			);
			runOnlyForDeploymentPostprocessing = 0;
		};
		6D7A0CF31A34B4C400B7E6D1 /* Resources */ = {
			isa = PBXResourcesBuildPhase;
			buildActionMask = 2147483647;
			files = (
			);
			runOnlyForDeploymentPostprocessing = 0;
		};
/* End PBXResourcesBuildPhase section */

/* Begin PBXSourcesBuildPhase section */
		6D7A0CD81A34B4C400B7E6D1 /* Sources */ = {
			isa = PBXSourcesBuildPhase;
			buildActionMask = 2147483647;
			files = (
				6D7A0CE81A34B4C400B7E6D1 /* ViewController.m in Sources */,
				6D7A0CE51A34B4C400B7E6D1 /* AppDelegate.m in Sources */,
				6D7A0CE21A34B4C400B7E6D1 /* main.m in Sources */,
				6D7A0D0E1A34B62600B7E6D1 /* HairDetailViewController.m in Sources */,
			);
			runOnlyForDeploymentPostprocessing = 0;
		};
		6D7A0CF11A34B4C400B7E6D1 /* Sources */ = {
			isa = PBXSourcesBuildPhase;
			buildActionMask = 2147483647;
			files = (
				6D7A0CFC1A34B4C400B7E6D1 /* HairTests.m in Sources */,
			);
			runOnlyForDeploymentPostprocessing = 0;
		};
/* End PBXSourcesBuildPhase section */

/* Begin PBXTargetDependency section */
		6D7A0CF71A34B4C400B7E6D1 /* PBXTargetDependency */ = {
			isa = PBXTargetDependency;
			target = 6D7A0CDB1A34B4C400B7E6D1 /* Hair */;
			targetProxy = 6D7A0CF61A34B4C400B7E6D1 /* PBXContainerItemProxy */;
		};
/* End PBXTargetDependency section */

/* Begin PBXVariantGroup section */
		6D7A0CE91A34B4C400B7E6D1 /* Main.storyboard */ = {
			isa = PBXVariantGroup;
			children = (
				6D7A0CEA1A34B4C400B7E6D1 /* Base */,
			);
			name = Main.storyboard;
			sourceTree = "<group>";
		};
		6D7A0CEE1A34B4C400B7E6D1 /* LaunchScreen.xib */ = {
			isa = PBXVariantGroup;
			children = (
				6D7A0CEF1A34B4C400B7E6D1 /* Base */,
			);
			name = LaunchScreen.xib;
			sourceTree = "<group>";
		};
/* End PBXVariantGroup section */

/* Begin XCBuildConfiguration section */
		6D7A0CFD1A34B4C400B7E6D1 /* Debug */ = {
			isa = XCBuildConfiguration;
			buildSettings = {
				ALWAYS_SEARCH_USER_PATHS = NO;
				CLANG_CXX_LANGUAGE_STANDARD = "gnu++0x";
				CLANG_CXX_LIBRARY = "libc++";
				CLANG_ENABLE_MODULES = YES;
				CLANG_ENABLE_OBJC_ARC = YES;
				CLANG_WARN_BOOL_CONVERSION = YES;
				CLANG_WARN_CONSTANT_CONVERSION = YES;
				CLANG_WARN_DIRECT_OBJC_ISA_USAGE = YES_ERROR;
				CLANG_WARN_EMPTY_BODY = YES;
				CLANG_WARN_ENUM_CONVERSION = YES;
				CLANG_WARN_INT_CONVERSION = YES;
				CLANG_WARN_OBJC_ROOT_CLASS = YES_ERROR;
				CLANG_WARN_UNREACHABLE_CODE = YES;
				CLANG_WARN__DUPLICATE_METHOD_MATCH = YES;
				"CODE_SIGN_IDENTITY[sdk=iphoneos*]" = "iPhone Developer";
				COPY_PHASE_STRIP = NO;
				ENABLE_STRICT_OBJC_MSGSEND = YES;
				GCC_C_LANGUAGE_STANDARD = gnu99;
				GCC_DYNAMIC_NO_PIC = NO;
				GCC_OPTIMIZATION_LEVEL = 0;
				GCC_PREPROCESSOR_DEFINITIONS = (
					"DEBUG=1",
					"$(inherited)",
				);
				GCC_SYMBOLS_PRIVATE_EXTERN = NO;
				GCC_WARN_64_TO_32_BIT_CONVERSION = YES;
				GCC_WARN_ABOUT_RETURN_TYPE = YES_ERROR;
				GCC_WARN_UNDECLARED_SELECTOR = YES;
				GCC_WARN_UNINITIALIZED_AUTOS = YES_AGGRESSIVE;
				GCC_WARN_UNUSED_FUNCTION = YES;
				GCC_WARN_UNUSED_VARIABLE = YES;
				IPHONEOS_DEPLOYMENT_TARGET = 8.1;
				MTL_ENABLE_DEBUG_INFO = YES;
				ONLY_ACTIVE_ARCH = YES;
				SDKROOT = iphoneos;
				TARGETED_DEVICE_FAMILY = "1,2";
			};
			name = Debug;
		};
		6D7A0CFE1A34B4C400B7E6D1 /* Release */ = {
			isa = XCBuildConfiguration;
			buildSettings = {
				ALWAYS_SEARCH_USER_PATHS = NO;
				CLANG_CXX_LANGUAGE_STANDARD = "gnu++0x";
				CLANG_CXX_LIBRARY = "libc++";
				CLANG_ENABLE_MODULES = YES;
				CLANG_ENABLE_OBJC_ARC = YES;
				CLANG_WARN_BOOL_CONVERSION = YES;
				CLANG_WARN_CONSTANT_CONVERSION = YES;
				CLANG_WARN_DIRECT_OBJC_ISA_USAGE = YES_ERROR;
				CLANG_WARN_EMPTY_BODY = YES;
				CLANG_WARN_ENUM_CONVERSION = YES;
				CLANG_WARN_INT_CONVERSION = YES;
				CLANG_WARN_OBJC_ROOT_CLASS = YES_ERROR;
				CLANG_WARN_UNREACHABLE_CODE = YES;
				CLANG_WARN__DUPLICATE_METHOD_MATCH = YES;
				"CODE_SIGN_IDENTITY[sdk=iphoneos*]" = "iPhone Developer";
				COPY_PHASE_STRIP = YES;
				ENABLE_NS_ASSERTIONS = NO;
				ENABLE_STRICT_OBJC_MSGSEND = YES;
				GCC_C_LANGUAGE_STANDARD = gnu99;
				GCC_WARN_64_TO_32_BIT_CONVERSION = YES;
				GCC_WARN_ABOUT_RETURN_TYPE = YES_ERROR;
				GCC_WARN_UNDECLARED_SELECTOR = YES;
				GCC_WARN_UNINITIALIZED_AUTOS = YES_AGGRESSIVE;
				GCC_WARN_UNUSED_FUNCTION = YES;
				GCC_WARN_UNUSED_VARIABLE = YES;
				IPHONEOS_DEPLOYMENT_TARGET = 8.1;
				MTL_ENABLE_DEBUG_INFO = NO;
				SDKROOT = iphoneos;
				TARGETED_DEVICE_FAMILY = "1,2";
				VALIDATE_PRODUCT = YES;
			};
			name = Release;
		};
		6D7A0D001A34B4C400B7E6D1 /* Debug */ = {
			isa = XCBuildConfiguration;
			buildSettings = {
				ASSETCATALOG_COMPILER_APPICON_NAME = AppIcon;
				INFOPLIST_FILE = Hair/Info.plist;
				LD_RUNPATH_SEARCH_PATHS = "$(inherited) @executable_path/Frameworks";
				PRODUCT_NAME = "$(TARGET_NAME)";
			};
			name = Debug;
		};
		6D7A0D011A34B4C400B7E6D1 /* Release */ = {
			isa = XCBuildConfiguration;
			buildSettings = {
				ASSETCATALOG_COMPILER_APPICON_NAME = AppIcon;
				INFOPLIST_FILE = Hair/Info.plist;
				LD_RUNPATH_SEARCH_PATHS = "$(inherited) @executable_path/Frameworks";
				PRODUCT_NAME = "$(TARGET_NAME)";
			};
			name = Release;
		};
		6D7A0D031A34B4C400B7E6D1 /* Debug */ = {
			isa = XCBuildConfiguration;
			buildSettings = {
				BUNDLE_LOADER = "$(TEST_HOST)";
				FRAMEWORK_SEARCH_PATHS = (
					"$(SDKROOT)/Developer/Library/Frameworks",
					"$(inherited)",
				);
				GCC_PREPROCESSOR_DEFINITIONS = (
					"DEBUG=1",
					"$(inherited)",
				);
				INFOPLIST_FILE = HairTests/Info.plist;
				LD_RUNPATH_SEARCH_PATHS = "$(inherited) @executable_path/Frameworks @loader_path/Frameworks";
				PRODUCT_NAME = "$(TARGET_NAME)";
				TEST_HOST = "$(BUILT_PRODUCTS_DIR)/Hair.app/Hair";
			};
			name = Debug;
		};
		6D7A0D041A34B4C400B7E6D1 /* Release */ = {
			isa = XCBuildConfiguration;
			buildSettings = {
				BUNDLE_LOADER = "$(TEST_HOST)";
				FRAMEWORK_SEARCH_PATHS = (
					"$(SDKROOT)/Developer/Library/Frameworks",
					"$(inherited)",
				);
				INFOPLIST_FILE = HairTests/Info.plist;
				LD_RUNPATH_SEARCH_PATHS = "$(inherited) @executable_path/Frameworks @loader_path/Frameworks";
				PRODUCT_NAME = "$(TARGET_NAME)";
				TEST_HOST = "$(BUILT_PRODUCTS_DIR)/Hair.app/Hair";
			};
			name = Release;
		};
/* End XCBuildConfiguration section */

/* Begin XCConfigurationList section */
		6D7A0CD71A34B4C400B7E6D1 /* Build configuration list for PBXProject "Hair" */ = {
			isa = XCConfigurationList;
			buildConfigurations = (
				6D7A0CFD1A34B4C400B7E6D1 /* Debug */,
				6D7A0CFE1A34B4C400B7E6D1 /* Release */,
			);
			defaultConfigurationIsVisible = 0;
			defaultConfigurationName = Release;
		};
		6D7A0CFF1A34B4C400B7E6D1 /* Build configuration list for PBXNativeTarget "Hair" */ = {
			isa = XCConfigurationList;
			buildConfigurations = (
				6D7A0D001A34B4C400B7E6D1 /* Debug */,
				6D7A0D011A34B4C400B7E6D1 /* Release */,
			);
			defaultConfigurationIsVisible = 0;
		};
		6D7A0D021A34B4C400B7E6D1 /* Build configuration list for PBXNativeTarget "HairTests" */ = {
			isa = XCConfigurationList;
			buildConfigurations = (
				6D7A0D031A34B4C400B7E6D1 /* Debug */,
				6D7A0D041A34B4C400B7E6D1 /* Release */,
			);
			defaultConfigurationIsVisible = 0;
		};
/* End XCConfigurationList section */
	};
	rootObject = 6D7A0CD41A34B4C400B7E6D1 /* Project object */;
}
